// !$*UTF8*$!
{
	archiveVersion = 1;
	classes = {
	};
	objectVersion = 46;
	objects = {

/* Begin PBXBuildFile section */
		890EAE9416A831F0000CFA48 /* UIKit.framework in Frameworks */ = {isa = PBXBuildFile; fileRef = 890EAE9316A831F0000CFA48 /* UIKit.framework */; };
		890EAE9616A831F0000CFA48 /* Foundation.framework in Frameworks */ = {isa = PBXBuildFile; fileRef = 890EAE9516A831F0000CFA48 /* Foundation.framework */; };
		890EAE9816A831F0000CFA48 /* CoreGraphics.framework in Frameworks */ = {isa = PBXBuildFile; fileRef = 890EAE9716A831F0000CFA48 /* CoreGraphics.framework */; };
		890EAE9A16A831F0000CFA48 /* CoreData.framework in Frameworks */ = {isa = PBXBuildFile; fileRef = 890EAE9916A831F0000CFA48 /* CoreData.framework */; };
		890EAEA216A831F0000CFA48 /* main.m in Sources */ = {isa = PBXBuildFile; fileRef = 890EAEA116A831F0000CFA48 /* main.m */; };
		890EAEA616A831F0000CFA48 /* AppDelegate.m in Sources */ = {isa = PBXBuildFile; fileRef = 890EAEA516A831F0000CFA48 /* AppDelegate.m */; };
		890EAEA816A831F0000CFA48 /* Default.png in Resources */ = {isa = PBXBuildFile; fileRef = 890EAEA716A831F0000CFA48 /* Default.png */; };
		890EAEAA16A831F0000CFA48 /* Default@2x.png in Resources */ = {isa = PBXBuildFile; fileRef = 890EAEA916A831F0000CFA48 /* Default@2x.png */; };
		890EAEAC16A831F0000CFA48 /* Default-568h@2x.png in Resources */ = {isa = PBXBuildFile; fileRef = 890EAEAB16A831F0000CFA48 /* Default-568h@2x.png */; };
		891B93BF16B8113400EE24C9 /* Icon.png in Resources */ = {isa = PBXBuildFile; fileRef = 891B93BD16B8113400EE24C9 /* Icon.png */; };
		891B93C016B8113400EE24C9 /* Icon@2x.png in Resources */ = {isa = PBXBuildFile; fileRef = 891B93BE16B8113400EE24C9 /* Icon@2x.png */; };
		891B93C416B8227300EE24C9 /* DataManager.m in Sources */ = {isa = PBXBuildFile; fileRef = 891B93C316B8227300EE24C9 /* DataManager.m */; };
		891B93CA16B8249C00EE24C9 /* NoteCell.xib in Resources */ = {isa = PBXBuildFile; fileRef = 891B93C916B8249C00EE24C9 /* NoteCell.xib */; };
		891B93CD16B824F800EE24C9 /* NoteCell.m in Sources */ = {isa = PBXBuildFile; fileRef = 891B93CC16B824F800EE24C9 /* NoteCell.m */; };
		897FA6E316A8386400EB2D18 /* Notes.xcdatamodeld in Sources */ = {isa = PBXBuildFile; fileRef = 897FA6E116A8386400EB2D18 /* Notes.xcdatamodeld */; };
		8986400E16B68F0900446007 /* Default-Portrait.png in Resources */ = {isa = PBXBuildFile; fileRef = 8986400C16B68F0900446007 /* Default-Portrait.png */; };
		8986400F16B68F0900446007 /* Default-Portrait@2x.png in Resources */ = {isa = PBXBuildFile; fileRef = 8986400D16B68F0900446007 /* Default-Portrait@2x.png */; };
		8986401216B68F1000446007 /* Default-Landscape.png in Resources */ = {isa = PBXBuildFile; fileRef = 8986401016B68F1000446007 /* Default-Landscape.png */; };
		8986401316B68F1000446007 /* Default-Landscape@2x.png in Resources */ = {isa = PBXBuildFile; fileRef = 8986401116B68F1000446007 /* Default-Landscape@2x.png */; };
		89B7BBF216B6C38500294BBA /* NotesListVC.m in Sources */ = {isa = PBXBuildFile; fileRef = 89B7BBF116B6C38500294BBA /* NotesListVC.m */; };
		89B7BBF516B6C43B00294BBA /* PhoneRootVC.m in Sources */ = {isa = PBXBuildFile; fileRef = 89B7BBF416B6C43B00294BBA /* PhoneRootVC.m */; };
		89B7BBF816B6C57000294BBA /* PadRootVC.m in Sources */ = {isa = PBXBuildFile; fileRef = 89B7BBF716B6C57000294BBA /* PadRootVC.m */; };
		89D6CA5816B6920A0023F1C8 /* Localizable.strings in Resources */ = {isa = PBXBuildFile; fileRef = 89D6CA5A16B6920A0023F1C8 /* Localizable.strings */; };
		B50106B916E3D21300F9FE4B /* Set Notification Pad Dark.png in Resources */ = {isa = PBXBuildFile; fileRef = B50106B716E3D21300F9FE4B /* Set Notification Pad Dark.png */; };
		B50106BA16E3D21300F9FE4B /* Set Notification Pad Dark@2x.png in Resources */ = {isa = PBXBuildFile; fileRef = B50106B816E3D21300F9FE4B /* Set Notification Pad Dark@2x.png */; };
		B5081F5B16BA8B4900C3F248 /* NSDate+Additions.m in Sources */ = {isa = PBXBuildFile; fileRef = B5081F5A16BA8B4900C3F248 /* NSDate+Additions.m */; };
		B5081F5E16BA8CD000C3F248 /* NoteDetailsVC.m in Sources */ = {isa = PBXBuildFile; fileRef = B5081F5D16BA8CD000C3F248 /* NoteDetailsVC.m */; };
		B5081F6016BA8CEB00C3F248 /* NoteDetailsViewPhone.xib in Resources */ = {isa = PBXBuildFile; fileRef = B5081F5F16BA8CEB00C3F248 /* NoteDetailsViewPhone.xib */; };
		B5081F6216BACB6000C3F248 /* NoteDetailsViewPad.xib in Resources */ = {isa = PBXBuildFile; fileRef = B5081F6116BACB6000C3F248 /* NoteDetailsViewPad.xib */; };
		B5081F6416BC082900C3F248 /* SetNotificationView.xib in Resources */ = {isa = PBXBuildFile; fileRef = B5081F6316BC082900C3F248 /* SetNotificationView.xib */; };
		B5269B3C16C3D94C00B5EDEE /* Icon-72.png in Resources */ = {isa = PBXBuildFile; fileRef = B5269B3A16C3D94C00B5EDEE /* Icon-72.png */; };
		B5269B3D16C3D94C00B5EDEE /* Icon-72@2x.png in Resources */ = {isa = PBXBuildFile; fileRef = B5269B3B16C3D94C00B5EDEE /* Icon-72@2x.png */; };
		B5325B2A16DE564600426252 /* Note Viewer Pad Bottom Horizontal Dark.png in Resources */ = {isa = PBXBuildFile; fileRef = B5325B1616DE564500426252 /* Note Viewer Pad Bottom Horizontal Dark.png */; };
		B5325B2B16DE564600426252 /* Note Viewer Pad Bottom Horizontal Dark@2x.png in Resources */ = {isa = PBXBuildFile; fileRef = B5325B1716DE564500426252 /* Note Viewer Pad Bottom Horizontal Dark@2x.png */; };
		B5325B2C16DE564600426252 /* Note Viewer Pad Middle Horizontal Dark.png in Resources */ = {isa = PBXBuildFile; fileRef = B5325B1816DE564500426252 /* Note Viewer Pad Middle Horizontal Dark.png */; };
		B5325B2D16DE564600426252 /* Note Viewer Pad Middle Horizontal Dark@2x.png in Resources */ = {isa = PBXBuildFile; fileRef = B5325B1916DE564500426252 /* Note Viewer Pad Middle Horizontal Dark@2x.png */; };
		B5325B2E16DE564600426252 /* Note Viewer Pad Top Horizontal Dark.png in Resources */ = {isa = PBXBuildFile; fileRef = B5325B1A16DE564500426252 /* Note Viewer Pad Top Horizontal Dark.png */; };
		B5325B2F16DE564600426252 /* Note Viewer Pad Top Horizontal Dark@2x.png in Resources */ = {isa = PBXBuildFile; fileRef = B5325B1B16DE564500426252 /* Note Viewer Pad Top Horizontal Dark@2x.png */; };
		B5325B3016DE564600426252 /* Note Viewer Pad Bottom Vertical Dark.png in Resources */ = {isa = PBXBuildFile; fileRef = B5325B1D16DE564500426252 /* Note Viewer Pad Bottom Vertical Dark.png */; };
		B5325B3116DE564600426252 /* Note Viewer Pad Bottom Vertical Dark@2x.png in Resources */ = {isa = PBXBuildFile; fileRef = B5325B1E16DE564500426252 /* Note Viewer Pad Bottom Vertical Dark@2x.png */; };
		B5325B3216DE564600426252 /* Note Viewer Pad Middle Vertical Dark.png in Resources */ = {isa = PBXBuildFile; fileRef = B5325B1F16DE564500426252 /* Note Viewer Pad Middle Vertical Dark.png */; };
		B5325B3316DE564600426252 /* Note Viewer Pad Middle Vertical Dark@2x.png in Resources */ = {isa = PBXBuildFile; fileRef = B5325B2016DE564500426252 /* Note Viewer Pad Middle Vertical Dark@2x.png */; };
		B5325B3416DE564600426252 /* Note Viewer Pad Top Vertical Dark.png in Resources */ = {isa = PBXBuildFile; fileRef = B5325B2116DE564500426252 /* Note Viewer Pad Top Vertical Dark.png */; };
		B5325B3516DE564600426252 /* Note Viewer Pad Top Vertical Dark@2x.png in Resources */ = {isa = PBXBuildFile; fileRef = B5325B2216DE564500426252 /* Note Viewer Pad Top Vertical Dark@2x.png */; };
		B5325B3616DE564600426252 /* Note Viewer Bottom Dark.png in Resources */ = {isa = PBXBuildFile; fileRef = B5325B2416DE564600426252 /* Note Viewer Bottom Dark.png */; };
		B5325B3716DE564600426252 /* Note Viewer Bottom Dark@2x.png in Resources */ = {isa = PBXBuildFile; fileRef = B5325B2516DE564600426252 /* Note Viewer Bottom Dark@2x.png */; };
		B5325B3816DE564600426252 /* Note Viewer Middle Dark.png in Resources */ = {isa = PBXBuildFile; fileRef = B5325B2616DE564600426252 /* Note Viewer Middle Dark.png */; };
		B5325B3916DE564600426252 /* Note Viewer Middle Dark@2x.png in Resources */ = {isa = PBXBuildFile; fileRef = B5325B2716DE564600426252 /* Note Viewer Middle Dark@2x.png */; };
		B5325B3A16DE564600426252 /* Note Viewer Top Dark.png in Resources */ = {isa = PBXBuildFile; fileRef = B5325B2816DE564600426252 /* Note Viewer Top Dark.png */; };
		B5325B3B16DE564600426252 /* Note Viewer Top Dark@2x.png in Resources */ = {isa = PBXBuildFile; fileRef = B5325B2916DE564600426252 /* Note Viewer Top Dark@2x.png */; };
		B53651E316BD3AB20090C926 /* NotificationsManager.m in Sources */ = {isa = PBXBuildFile; fileRef = B53651E216BD3AB20090C926 /* NotificationsManager.m */; };
		B570355B16D81650001A1D8A /* Background Pattern Dark.png in Resources */ = {isa = PBXBuildFile; fileRef = B570355916D81650001A1D8A /* Background Pattern Dark.png */; };
		B570355C16D81650001A1D8A /* Background Pattern Dark@2x.png in Resources */ = {isa = PBXBuildFile; fileRef = B570355A16D81650001A1D8A /* Background Pattern Dark@2x.png */; };
		B589443F16D94CA000B9E435 /* Note Entry Background Dark.png in Resources */ = {isa = PBXBuildFile; fileRef = B589443D16D94CA000B9E435 /* Note Entry Background Dark.png */; };
		B589444016D94CA000B9E435 /* Note Entry Background Dark@2x.png in Resources */ = {isa = PBXBuildFile; fileRef = B589443E16D94CA000B9E435 /* Note Entry Background Dark@2x.png */; };
		B589444716DA672100B9E435 /* Created Icon Dark.png in Resources */ = {isa = PBXBuildFile; fileRef = B589444116DA672100B9E435 /* Created Icon Dark.png */; };
		B589444816DA672100B9E435 /* Created Icon Dark@2x.png in Resources */ = {isa = PBXBuildFile; fileRef = B589444216DA672100B9E435 /* Created Icon Dark@2x.png */; };
		B589444B16DA672100B9E435 /* Modified Icon Dark.png in Resources */ = {isa = PBXBuildFile; fileRef = B589444516DA672100B9E435 /* Modified Icon Dark.png */; };
		B589444C16DA672100B9E435 /* Modified Icon Dark@2x.png in Resources */ = {isa = PBXBuildFile; fileRef = B589444616DA672100B9E435 /* Modified Icon Dark@2x.png */; };
		B589444F16DA674F00B9E435 /* Notification Icon Dark.png in Resources */ = {isa = PBXBuildFile; fileRef = B589444D16DA674F00B9E435 /* Notification Icon Dark.png */; };
		B589445016DA674F00B9E435 /* Notification Icon Dark@2x.png in Resources */ = {isa = PBXBuildFile; fileRef = B589444E16DA674F00B9E435 /* Notification Icon Dark@2x.png */; };
		B589445316DA694C00B9E435 /* Set Notification Dark.png in Resources */ = {isa = PBXBuildFile; fileRef = B589445116DA694C00B9E435 /* Set Notification Dark.png */; };
		B589445416DA694C00B9E435 /* Set Notification Dark@2x.png in Resources */ = {isa = PBXBuildFile; fileRef = B589445216DA694C00B9E435 /* Set Notification Dark@2x.png */; };
		B589446316DA6F0B00B9E435 /* NoteViewerBackgroundView.m in Sources */ = {isa = PBXBuildFile; fileRef = B589446216DA6F0B00B9E435 /* NoteViewerBackgroundView.m */; };
		B589446616DA792300B9E435 /* Notification Icon Small Dark.png in Resources */ = {isa = PBXBuildFile; fileRef = B589446416DA792200B9E435 /* Notification Icon Small Dark.png */; };
		B589446716DA792300B9E435 /* Notification Icon Small Dark@2x.png in Resources */ = {isa = PBXBuildFile; fileRef = B589446516DA792300B9E435 /* Notification Icon Small Dark@2x.png */; };
		B589447916DABBBE00B9E435 /* ixPickerOverlayGlass.png in Resources */ = {isa = PBXBuildFile; fileRef = B589446D16DABBBE00B9E435 /* ixPickerOverlayGlass.png */; };
		B589447A16DABBBE00B9E435 /* ixPickerOverlayGlass@2x.png in Resources */ = {isa = PBXBuildFile; fileRef = B589446E16DABBBE00B9E435 /* ixPickerOverlayGlass@2x.png */; };
		B589447B16DABBBE00B9E435 /* ixPickerOverlayLeftPane.png in Resources */ = {isa = PBXBuildFile; fileRef = B589446F16DABBBE00B9E435 /* ixPickerOverlayLeftPane.png */; };
		B589447C16DABBBE00B9E435 /* ixPickerOverlayLeftPane@2x.png in Resources */ = {isa = PBXBuildFile; fileRef = B589447016DABBBE00B9E435 /* ixPickerOverlayLeftPane@2x.png */; };
		B589447D16DABBBE00B9E435 /* ixPickerOverlayRightPane.png in Resources */ = {isa = PBXBuildFile; fileRef = B589447116DABBBE00B9E435 /* ixPickerOverlayRightPane.png */; };
		B589447E16DABBBE00B9E435 /* ixPickerOverlayRightPane@2x.png in Resources */ = {isa = PBXBuildFile; fileRef = B589447216DABBBE00B9E435 /* ixPickerOverlayRightPane@2x.png */; };
		B589447F16DABBBE00B9E435 /* ixPickerOverlaySectionsSeparator.png in Resources */ = {isa = PBXBuildFile; fileRef = B589447316DABBBE00B9E435 /* ixPickerOverlaySectionsSeparator.png */; };
		B589448016DABBBE00B9E435 /* ixPickerOverlaySectionsSeparator@2x.png in Resources */ = {isa = PBXBuildFile; fileRef = B589447416DABBBE00B9E435 /* ixPickerOverlaySectionsSeparator@2x.png */; };
		B589448116DABBBE00B9E435 /* ixPickerOverlaySectionWheel.png in Resources */ = {isa = PBXBuildFile; fileRef = B589447516DABBBE00B9E435 /* ixPickerOverlaySectionWheel.png */; };
		B589448216DABBBE00B9E435 /* ixPickerOverlaySectionWheel@2x.png in Resources */ = {isa = PBXBuildFile; fileRef = B589447616DABBBE00B9E435 /* ixPickerOverlaySectionWheel@2x.png */; };
		B589448316DABBBE00B9E435 /* ixPickerOverlayTexture.png in Resources */ = {isa = PBXBuildFile; fileRef = B589447716DABBBE00B9E435 /* ixPickerOverlayTexture.png */; };
		B589448416DABBBE00B9E435 /* ixPickerOverlayTexture@2x.png in Resources */ = {isa = PBXBuildFile; fileRef = B589447816DABBBE00B9E435 /* ixPickerOverlayTexture@2x.png */; };
		B589448616DABEBE00B9E435 /* QuartzCore.framework in Frameworks */ = {isa = PBXBuildFile; fileRef = B589448516DABEBE00B9E435 /* QuartzCore.framework */; };
		B5B30E1516B9D09000429607 /* NoteInputView.xib in Resources */ = {isa = PBXBuildFile; fileRef = B5B30E1416B9D09000429607 /* NoteInputView.xib */; };
		B5B70F6016C3F48700CBAC2C /* libz.dylib in Frameworks */ = {isa = PBXBuildFile; fileRef = B5B70F5F16C3F48700CBAC2C /* libz.dylib */; };
		B5D67A2C16DAC7C200360647 /* APAttribute.m in Sources */ = {isa = PBXBuildFile; fileRef = B5D67A2716DAC7C200360647 /* APAttribute.m */; settings = {COMPILER_FLAGS = "-fno-objc-arc"; }; };
		B5D67A2D16DAC7C200360647 /* APDocument.m in Sources */ = {isa = PBXBuildFile; fileRef = B5D67A2916DAC7C200360647 /* APDocument.m */; settings = {COMPILER_FLAGS = "-fno-objc-arc"; }; };
		B5D67A2E16DAC7C200360647 /* APElement.m in Sources */ = {isa = PBXBuildFile; fileRef = B5D67A2B16DAC7C200360647 /* APElement.m */; settings = {COMPILER_FLAGS = "-fno-objc-arc"; }; };
		B5D67A3116DAC7DD00360647 /* IXPickerOverlayView.m in Sources */ = {isa = PBXBuildFile; fileRef = B5D67A3016DAC7DD00360647 /* IXPickerOverlayView.m */; };
		B5D9B3D416DF686900DC6CF8 /* Note.m in Sources */ = {isa = PBXBuildFile; fileRef = B5D9B3D316DF686900DC6CF8 /* Note.m */; };
/* End PBXBuildFile section */

/* Begin PBXFileReference section */
		890EAE8F16A831F0000CFA48 /* Rapid Note Go.app */ = {isa = PBXFileReference; explicitFileType = wrapper.application; includeInIndex = 0; path = "Rapid Note Go.app"; sourceTree = BUILT_PRODUCTS_DIR; };
		890EAE9316A831F0000CFA48 /* UIKit.framework */ = {isa = PBXFileReference; lastKnownFileType = wrapper.framework; name = UIKit.framework; path = System/Library/Frameworks/UIKit.framework; sourceTree = SDKROOT; };
		890EAE9516A831F0000CFA48 /* Foundation.framework */ = {isa = PBXFileReference; lastKnownFileType = wrapper.framework; name = Foundation.framework; path = System/Library/Frameworks/Foundation.framework; sourceTree = SDKROOT; };
		890EAE9716A831F0000CFA48 /* CoreGraphics.framework */ = {isa = PBXFileReference; lastKnownFileType = wrapper.framework; name = CoreGraphics.framework; path = System/Library/Frameworks/CoreGraphics.framework; sourceTree = SDKROOT; };
		890EAE9916A831F0000CFA48 /* CoreData.framework */ = {isa = PBXFileReference; lastKnownFileType = wrapper.framework; name = CoreData.framework; path = System/Library/Frameworks/CoreData.framework; sourceTree = SDKROOT; };
		890EAE9D16A831F0000CFA48 /* Rapid Note Go-Info.plist */ = {isa = PBXFileReference; lastKnownFileType = text.plist.xml; name = "Rapid Note Go-Info.plist"; path = "Supporting Files/Rapid Note Go-Info.plist"; sourceTree = "<group>"; };
		890EAEA116A831F0000CFA48 /* main.m */ = {isa = PBXFileReference; lastKnownFileType = sourcecode.c.objc; name = main.m; path = Source/main.m; sourceTree = "<group>"; };
		890EAEA316A831F0000CFA48 /* Rapid Note Go-Prefix.pch */ = {isa = PBXFileReference; lastKnownFileType = sourcecode.c.h; name = "Rapid Note Go-Prefix.pch"; path = "Source/Rapid Note Go-Prefix.pch"; sourceTree = "<group>"; };
		890EAEA416A831F0000CFA48 /* AppDelegate.h */ = {isa = PBXFileReference; lastKnownFileType = sourcecode.c.h; name = AppDelegate.h; path = Source/AppDelegate.h; sourceTree = "<group>"; };
		890EAEA516A831F0000CFA48 /* AppDelegate.m */ = {isa = PBXFileReference; lastKnownFileType = sourcecode.c.objc; name = AppDelegate.m; path = Source/AppDelegate.m; sourceTree = "<group>"; };
		890EAEA716A831F0000CFA48 /* Default.png */ = {isa = PBXFileReference; lastKnownFileType = image.png; name = Default.png; path = Graphics/Defaults/Default.png; sourceTree = "<group>"; };
		890EAEA916A831F0000CFA48 /* Default@2x.png */ = {isa = PBXFileReference; lastKnownFileType = image.png; name = "Default@2x.png"; path = "Graphics/Defaults/Default@2x.png"; sourceTree = "<group>"; };
		890EAEAB16A831F0000CFA48 /* Default-568h@2x.png */ = {isa = PBXFileReference; lastKnownFileType = image.png; name = "Default-568h@2x.png"; path = "Graphics/Defaults/Default-568h@2x.png"; sourceTree = "<group>"; };
		891B93BD16B8113400EE24C9 /* Icon.png */ = {isa = PBXFileReference; lastKnownFileType = image.png; name = Icon.png; path = Graphics/Icons/Icon.png; sourceTree = "<group>"; };
		891B93BE16B8113400EE24C9 /* Icon@2x.png */ = {isa = PBXFileReference; lastKnownFileType = image.png; name = "Icon@2x.png"; path = "Graphics/Icons/Icon@2x.png"; sourceTree = "<group>"; };
		891B93C216B8227300EE24C9 /* DataManager.h */ = {isa = PBXFileReference; fileEncoding = 4; lastKnownFileType = sourcecode.c.h; name = DataManager.h; path = Source/Managers/DataManager.h; sourceTree = "<group>"; };
		891B93C316B8227300EE24C9 /* DataManager.m */ = {isa = PBXFileReference; fileEncoding = 4; lastKnownFileType = sourcecode.c.objc; name = DataManager.m; path = Source/Managers/DataManager.m; sourceTree = "<group>"; };
		891B93C916B8249C00EE24C9 /* NoteCell.xib */ = {isa = PBXFileReference; fileEncoding = 4; lastKnownFileType = file.xib; name = NoteCell.xib; path = Source/Cells/NoteCell.xib; sourceTree = "<group>"; };
		891B93CB16B824F800EE24C9 /* NoteCell.h */ = {isa = PBXFileReference; fileEncoding = 4; lastKnownFileType = sourcecode.c.h; name = NoteCell.h; path = Source/Cells/NoteCell.h; sourceTree = "<group>"; };
		891B93CC16B824F800EE24C9 /* NoteCell.m */ = {isa = PBXFileReference; fileEncoding = 4; lastKnownFileType = sourcecode.c.objc; name = NoteCell.m; path = Source/Cells/NoteCell.m; sourceTree = "<group>"; };
		897FA6E216A8386400EB2D18 /* Notes.xcdatamodel */ = {isa = PBXFileReference; lastKnownFileType = wrapper.xcdatamodel; path = Notes.xcdatamodel; sourceTree = "<group>"; };
		8986400C16B68F0900446007 /* Default-Portrait.png */ = {isa = PBXFileReference; lastKnownFileType = image.png; name = "Default-Portrait.png"; path = "Graphics/Defaults/Default-Portrait.png"; sourceTree = "<group>"; };
		8986400D16B68F0900446007 /* Default-Portrait@2x.png */ = {isa = PBXFileReference; lastKnownFileType = image.png; name = "Default-Portrait@2x.png"; path = "Graphics/Defaults/Default-Portrait@2x.png"; sourceTree = "<group>"; };
		8986401016B68F1000446007 /* Default-Landscape.png */ = {isa = PBXFileReference; lastKnownFileType = image.png; name = "Default-Landscape.png"; path = "Graphics/Defaults/Default-Landscape.png"; sourceTree = "<group>"; };
		8986401116B68F1000446007 /* Default-Landscape@2x.png */ = {isa = PBXFileReference; lastKnownFileType = image.png; name = "Default-Landscape@2x.png"; path = "Graphics/Defaults/Default-Landscape@2x.png"; sourceTree = "<group>"; };
		89B7BBF016B6C38500294BBA /* NotesListVC.h */ = {isa = PBXFileReference; fileEncoding = 4; lastKnownFileType = sourcecode.c.h; name = NotesListVC.h; path = Source/Views/NotesListVC.h; sourceTree = "<group>"; };
		89B7BBF116B6C38500294BBA /* NotesListVC.m */ = {isa = PBXFileReference; fileEncoding = 4; lastKnownFileType = sourcecode.c.objc; name = NotesListVC.m; path = Source/Views/NotesListVC.m; sourceTree = "<group>"; };
		89B7BBF316B6C43B00294BBA /* PhoneRootVC.h */ = {isa = PBXFileReference; fileEncoding = 4; lastKnownFileType = sourcecode.c.h; name = PhoneRootVC.h; path = Source/Views/PhoneRootVC.h; sourceTree = "<group>"; };
		89B7BBF416B6C43B00294BBA /* PhoneRootVC.m */ = {isa = PBXFileReference; fileEncoding = 4; lastKnownFileType = sourcecode.c.objc; name = PhoneRootVC.m; path = Source/Views/PhoneRootVC.m; sourceTree = "<group>"; };
		89B7BBF616B6C57000294BBA /* PadRootVC.h */ = {isa = PBXFileReference; fileEncoding = 4; lastKnownFileType = sourcecode.c.h; name = PadRootVC.h; path = Source/Views/PadRootVC.h; sourceTree = "<group>"; };
		89B7BBF716B6C57000294BBA /* PadRootVC.m */ = {isa = PBXFileReference; fileEncoding = 4; lastKnownFileType = sourcecode.c.objc; name = PadRootVC.m; path = Source/Views/PadRootVC.m; sourceTree = "<group>"; };
		89D6CA5916B6920A0023F1C8 /* en */ = {isa = PBXFileReference; lastKnownFileType = text.plist.strings; name = en; path = en.lproj/Localizable.strings; sourceTree = "<group>"; };
		89D6CA6116B692240023F1C8 /* pl */ = {isa = PBXFileReference; lastKnownFileType = text.plist.strings; name = pl; path = pl.lproj/Localizable.strings; sourceTree = "<group>"; };
		B50106B716E3D21300F9FE4B /* Set Notification Pad Dark.png */ = {isa = PBXFileReference; lastKnownFileType = image.png; name = "Set Notification Pad Dark.png"; path = "Graphics/Various/Set Notification Pad Dark.png"; sourceTree = "<group>"; };
		B50106B816E3D21300F9FE4B /* Set Notification Pad Dark@2x.png */ = {isa = PBXFileReference; lastKnownFileType = image.png; name = "Set Notification Pad Dark@2x.png"; path = "Graphics/Various/Set Notification Pad Dark@2x.png"; sourceTree = "<group>"; };
		B5081F5916BA8B3D00C3F248 /* NSDate+Additions.h */ = {isa = PBXFileReference; fileEncoding = 4; lastKnownFileType = sourcecode.c.h; name = "NSDate+Additions.h"; path = "Source/Utils/NSDate+Additions.h"; sourceTree = "<group>"; };
		B5081F5A16BA8B4900C3F248 /* NSDate+Additions.m */ = {isa = PBXFileReference; fileEncoding = 4; lastKnownFileType = sourcecode.c.objc; name = "NSDate+Additions.m"; path = "Source/Utils/NSDate+Additions.m"; sourceTree = "<group>"; };
		B5081F5C16BA8CD000C3F248 /* NoteDetailsVC.h */ = {isa = PBXFileReference; fileEncoding = 4; lastKnownFileType = sourcecode.c.h; name = NoteDetailsVC.h; path = Source/Views/NoteDetailsVC.h; sourceTree = "<group>"; };
		B5081F5D16BA8CD000C3F248 /* NoteDetailsVC.m */ = {isa = PBXFileReference; fileEncoding = 4; lastKnownFileType = sourcecode.c.objc; name = NoteDetailsVC.m; path = Source/Views/NoteDetailsVC.m; sourceTree = "<group>"; };
		B5081F5F16BA8CEB00C3F248 /* NoteDetailsViewPhone.xib */ = {isa = PBXFileReference; fileEncoding = 4; lastKnownFileType = file.xib; name = NoteDetailsViewPhone.xib; path = Source/Views/NoteDetailsViewPhone.xib; sourceTree = "<group>"; };
		B5081F6116BACB6000C3F248 /* NoteDetailsViewPad.xib */ = {isa = PBXFileReference; fileEncoding = 4; lastKnownFileType = file.xib; name = NoteDetailsViewPad.xib; path = Source/Views/NoteDetailsViewPad.xib; sourceTree = "<group>"; };
		B5081F6316BC082900C3F248 /* SetNotificationView.xib */ = {isa = PBXFileReference; fileEncoding = 4; lastKnownFileType = file.xib; name = SetNotificationView.xib; path = Source/Views/SetNotificationView.xib; sourceTree = "<group>"; };
		B5269B3A16C3D94C00B5EDEE /* Icon-72.png */ = {isa = PBXFileReference; lastKnownFileType = image.png; name = "Icon-72.png"; path = "Graphics/Icons/Icon-72.png"; sourceTree = "<group>"; };
		B5269B3B16C3D94C00B5EDEE /* Icon-72@2x.png */ = {isa = PBXFileReference; lastKnownFileType = image.png; name = "Icon-72@2x.png"; path = "Graphics/Icons/Icon-72@2x.png"; sourceTree = "<group>"; };
		B5325B1616DE564500426252 /* Note Viewer Pad Bottom Horizontal Dark.png */ = {isa = PBXFileReference; lastKnownFileType = image.png; path = "Note Viewer Pad Bottom Horizontal Dark.png"; sourceTree = "<group>"; };
		B5325B1716DE564500426252 /* Note Viewer Pad Bottom Horizontal Dark@2x.png */ = {isa = PBXFileReference; lastKnownFileType = image.png; path = "Note Viewer Pad Bottom Horizontal Dark@2x.png"; sourceTree = "<group>"; };
		B5325B1816DE564500426252 /* Note Viewer Pad Middle Horizontal Dark.png */ = {isa = PBXFileReference; lastKnownFileType = image.png; path = "Note Viewer Pad Middle Horizontal Dark.png"; sourceTree = "<group>"; };
		B5325B1916DE564500426252 /* Note Viewer Pad Middle Horizontal Dark@2x.png */ = {isa = PBXFileReference; lastKnownFileType = image.png; path = "Note Viewer Pad Middle Horizontal Dark@2x.png"; sourceTree = "<group>"; };
		B5325B1A16DE564500426252 /* Note Viewer Pad Top Horizontal Dark.png */ = {isa = PBXFileReference; lastKnownFileType = image.png; path = "Note Viewer Pad Top Horizontal Dark.png"; sourceTree = "<group>"; };
		B5325B1B16DE564500426252 /* Note Viewer Pad Top Horizontal Dark@2x.png */ = {isa = PBXFileReference; lastKnownFileType = image.png; path = "Note Viewer Pad Top Horizontal Dark@2x.png"; sourceTree = "<group>"; };
		B5325B1D16DE564500426252 /* Note Viewer Pad Bottom Vertical Dark.png */ = {isa = PBXFileReference; lastKnownFileType = image.png; path = "Note Viewer Pad Bottom Vertical Dark.png"; sourceTree = "<group>"; };
		B5325B1E16DE564500426252 /* Note Viewer Pad Bottom Vertical Dark@2x.png */ = {isa = PBXFileReference; lastKnownFileType = image.png; path = "Note Viewer Pad Bottom Vertical Dark@2x.png"; sourceTree = "<group>"; };
		B5325B1F16DE564500426252 /* Note Viewer Pad Middle Vertical Dark.png */ = {isa = PBXFileReference; lastKnownFileType = image.png; path = "Note Viewer Pad Middle Vertical Dark.png"; sourceTree = "<group>"; };
		B5325B2016DE564500426252 /* Note Viewer Pad Middle Vertical Dark@2x.png */ = {isa = PBXFileReference; lastKnownFileType = image.png; path = "Note Viewer Pad Middle Vertical Dark@2x.png"; sourceTree = "<group>"; };
		B5325B2116DE564500426252 /* Note Viewer Pad Top Vertical Dark.png */ = {isa = PBXFileReference; lastKnownFileType = image.png; path = "Note Viewer Pad Top Vertical Dark.png"; sourceTree = "<group>"; };
		B5325B2216DE564500426252 /* Note Viewer Pad Top Vertical Dark@2x.png */ = {isa = PBXFileReference; lastKnownFileType = image.png; path = "Note Viewer Pad Top Vertical Dark@2x.png"; sourceTree = "<group>"; };
		B5325B2416DE564600426252 /* Note Viewer Bottom Dark.png */ = {isa = PBXFileReference; lastKnownFileType = image.png; path = "Note Viewer Bottom Dark.png"; sourceTree = "<group>"; };
		B5325B2516DE564600426252 /* Note Viewer Bottom Dark@2x.png */ = {isa = PBXFileReference; lastKnownFileType = image.png; path = "Note Viewer Bottom Dark@2x.png"; sourceTree = "<group>"; };
		B5325B2616DE564600426252 /* Note Viewer Middle Dark.png */ = {isa = PBXFileReference; lastKnownFileType = image.png; path = "Note Viewer Middle Dark.png"; sourceTree = "<group>"; };
		B5325B2716DE564600426252 /* Note Viewer Middle Dark@2x.png */ = {isa = PBXFileReference; lastKnownFileType = image.png; path = "Note Viewer Middle Dark@2x.png"; sourceTree = "<group>"; };
		B5325B2816DE564600426252 /* Note Viewer Top Dark.png */ = {isa = PBXFileReference; lastKnownFileType = image.png; path = "Note Viewer Top Dark.png"; sourceTree = "<group>"; };
		B5325B2916DE564600426252 /* Note Viewer Top Dark@2x.png */ = {isa = PBXFileReference; lastKnownFileType = image.png; path = "Note Viewer Top Dark@2x.png"; sourceTree = "<group>"; };
		B53651E116BD3AB20090C926 /* NotificationsManager.h */ = {isa = PBXFileReference; fileEncoding = 4; lastKnownFileType = sourcecode.c.h; name = NotificationsManager.h; path = Source/Managers/NotificationsManager.h; sourceTree = "<group>"; };
		B53651E216BD3AB20090C926 /* NotificationsManager.m */ = {isa = PBXFileReference; fileEncoding = 4; lastKnownFileType = sourcecode.c.objc; name = NotificationsManager.m; path = Source/Managers/NotificationsManager.m; sourceTree = "<group>"; };
		B570355916D81650001A1D8A /* Background Pattern Dark.png */ = {isa = PBXFileReference; lastKnownFileType = image.png; name = "Background Pattern Dark.png"; path = "Graphics/Various/Background Pattern Dark.png"; sourceTree = "<group>"; };
		B570355A16D81650001A1D8A /* Background Pattern Dark@2x.png */ = {isa = PBXFileReference; lastKnownFileType = image.png; name = "Background Pattern Dark@2x.png"; path = "Graphics/Various/Background Pattern Dark@2x.png"; sourceTree = "<group>"; };
		B589443D16D94CA000B9E435 /* Note Entry Background Dark.png */ = {isa = PBXFileReference; lastKnownFileType = image.png; name = "Note Entry Background Dark.png"; path = "Graphics/Various/Note Entry Background Dark.png"; sourceTree = "<group>"; };
		B589443E16D94CA000B9E435 /* Note Entry Background Dark@2x.png */ = {isa = PBXFileReference; lastKnownFileType = image.png; name = "Note Entry Background Dark@2x.png"; path = "Graphics/Various/Note Entry Background Dark@2x.png"; sourceTree = "<group>"; };
		B589444116DA672100B9E435 /* Created Icon Dark.png */ = {isa = PBXFileReference; lastKnownFileType = image.png; name = "Created Icon Dark.png"; path = "Graphics/Various/Created Icon Dark.png"; sourceTree = "<group>"; };
		B589444216DA672100B9E435 /* Created Icon Dark@2x.png */ = {isa = PBXFileReference; lastKnownFileType = image.png; name = "Created Icon Dark@2x.png"; path = "Graphics/Various/Created Icon Dark@2x.png"; sourceTree = "<group>"; };
		B589444516DA672100B9E435 /* Modified Icon Dark.png */ = {isa = PBXFileReference; lastKnownFileType = image.png; name = "Modified Icon Dark.png"; path = "Graphics/Various/Modified Icon Dark.png"; sourceTree = "<group>"; };
		B589444616DA672100B9E435 /* Modified Icon Dark@2x.png */ = {isa = PBXFileReference; lastKnownFileType = image.png; name = "Modified Icon Dark@2x.png"; path = "Graphics/Various/Modified Icon Dark@2x.png"; sourceTree = "<group>"; };
		B589444D16DA674F00B9E435 /* Notification Icon Dark.png */ = {isa = PBXFileReference; lastKnownFileType = image.png; name = "Notification Icon Dark.png"; path = "Graphics/Various/Notification Icon Dark.png"; sourceTree = "<group>"; };
		B589444E16DA674F00B9E435 /* Notification Icon Dark@2x.png */ = {isa = PBXFileReference; lastKnownFileType = image.png; name = "Notification Icon Dark@2x.png"; path = "Graphics/Various/Notification Icon Dark@2x.png"; sourceTree = "<group>"; };
		B589445116DA694C00B9E435 /* Set Notification Dark.png */ = {isa = PBXFileReference; lastKnownFileType = image.png; name = "Set Notification Dark.png"; path = "Graphics/Various/Set Notification Dark.png"; sourceTree = "<group>"; };
		B589445216DA694C00B9E435 /* Set Notification Dark@2x.png */ = {isa = PBXFileReference; lastKnownFileType = image.png; name = "Set Notification Dark@2x.png"; path = "Graphics/Various/Set Notification Dark@2x.png"; sourceTree = "<group>"; };
		B589446116DA6F0B00B9E435 /* NoteViewerBackgroundView.h */ = {isa = PBXFileReference; fileEncoding = 4; lastKnownFileType = sourcecode.c.h; name = NoteViewerBackgroundView.h; path = Source/Views/NoteViewerBackgroundView.h; sourceTree = "<group>"; };
		B589446216DA6F0B00B9E435 /* NoteViewerBackgroundView.m */ = {isa = PBXFileReference; fileEncoding = 4; lastKnownFileType = sourcecode.c.objc; name = NoteViewerBackgroundView.m; path = Source/Views/NoteViewerBackgroundView.m; sourceTree = "<group>"; };
		B589446416DA792200B9E435 /* Notification Icon Small Dark.png */ = {isa = PBXFileReference; lastKnownFileType = image.png; name = "Notification Icon Small Dark.png"; path = "Graphics/Various/Notification Icon Small Dark.png"; sourceTree = "<group>"; };
		B589446516DA792300B9E435 /* Notification Icon Small Dark@2x.png */ = {isa = PBXFileReference; lastKnownFileType = image.png; name = "Notification Icon Small Dark@2x.png"; path = "Graphics/Various/Notification Icon Small Dark@2x.png"; sourceTree = "<group>"; };
		B589446D16DABBBE00B9E435 /* ixPickerOverlayGlass.png */ = {isa = PBXFileReference; lastKnownFileType = image.png; path = ixPickerOverlayGlass.png; sourceTree = "<group>"; };
		B589446E16DABBBE00B9E435 /* ixPickerOverlayGlass@2x.png */ = {isa = PBXFileReference; lastKnownFileType = image.png; path = "ixPickerOverlayGlass@2x.png"; sourceTree = "<group>"; };
		B589446F16DABBBE00B9E435 /* ixPickerOverlayLeftPane.png */ = {isa = PBXFileReference; lastKnownFileType = image.png; path = ixPickerOverlayLeftPane.png; sourceTree = "<group>"; };
		B589447016DABBBE00B9E435 /* ixPickerOverlayLeftPane@2x.png */ = {isa = PBXFileReference; lastKnownFileType = image.png; path = "ixPickerOverlayLeftPane@2x.png"; sourceTree = "<group>"; };
		B589447116DABBBE00B9E435 /* ixPickerOverlayRightPane.png */ = {isa = PBXFileReference; lastKnownFileType = image.png; path = ixPickerOverlayRightPane.png; sourceTree = "<group>"; };
		B589447216DABBBE00B9E435 /* ixPickerOverlayRightPane@2x.png */ = {isa = PBXFileReference; lastKnownFileType = image.png; path = "ixPickerOverlayRightPane@2x.png"; sourceTree = "<group>"; };
		B589447316DABBBE00B9E435 /* ixPickerOverlaySectionsSeparator.png */ = {isa = PBXFileReference; lastKnownFileType = image.png; path = ixPickerOverlaySectionsSeparator.png; sourceTree = "<group>"; };
		B589447416DABBBE00B9E435 /* ixPickerOverlaySectionsSeparator@2x.png */ = {isa = PBXFileReference; lastKnownFileType = image.png; path = "ixPickerOverlaySectionsSeparator@2x.png"; sourceTree = "<group>"; };
		B589447516DABBBE00B9E435 /* ixPickerOverlaySectionWheel.png */ = {isa = PBXFileReference; lastKnownFileType = image.png; path = ixPickerOverlaySectionWheel.png; sourceTree = "<group>"; };
		B589447616DABBBE00B9E435 /* ixPickerOverlaySectionWheel@2x.png */ = {isa = PBXFileReference; lastKnownFileType = image.png; path = "ixPickerOverlaySectionWheel@2x.png"; sourceTree = "<group>"; };
		B589447716DABBBE00B9E435 /* ixPickerOverlayTexture.png */ = {isa = PBXFileReference; lastKnownFileType = image.png; path = ixPickerOverlayTexture.png; sourceTree = "<group>"; };
		B589447816DABBBE00B9E435 /* ixPickerOverlayTexture@2x.png */ = {isa = PBXFileReference; lastKnownFileType = image.png; path = "ixPickerOverlayTexture@2x.png"; sourceTree = "<group>"; };
		B589448516DABEBE00B9E435 /* QuartzCore.framework */ = {isa = PBXFileReference; lastKnownFileType = wrapper.framework; name = QuartzCore.framework; path = System/Library/Frameworks/QuartzCore.framework; sourceTree = SDKROOT; };
		B5B30E1016B9C2AE00429607 /* Rapid Note Go.entitlements */ = {isa = PBXFileReference; lastKnownFileType = text.xml; name = "Rapid Note Go.entitlements"; path = "Supporting Files/Rapid Note Go.entitlements"; sourceTree = "<group>"; };
		B5B30E1416B9D09000429607 /* NoteInputView.xib */ = {isa = PBXFileReference; fileEncoding = 4; lastKnownFileType = file.xib; name = NoteInputView.xib; path = Source/Views/NoteInputView.xib; sourceTree = "<group>"; };
		B5B70F5F16C3F48700CBAC2C /* libz.dylib */ = {isa = PBXFileReference; lastKnownFileType = "compiled.mach-o.dylib"; name = libz.dylib; path = usr/lib/libz.dylib; sourceTree = SDKROOT; };
		B5D67A2516DAC7AC00360647 /* APXML.h */ = {isa = PBXFileReference; fileEncoding = 4; lastKnownFileType = sourcecode.c.h; name = APXML.h; path = "Rapid Note Go/Source/Utils/APXML/APXML.h"; sourceTree = SOURCE_ROOT; };
		B5D67A2616DAC7C200360647 /* APAttribute.h */ = {isa = PBXFileReference; fileEncoding = 4; lastKnownFileType = sourcecode.c.h; name = APAttribute.h; path = "Rapid Note Go/Source/Utils/APXML/APAttribute.h"; sourceTree = SOURCE_ROOT; };
		B5D67A2716DAC7C200360647 /* APAttribute.m */ = {isa = PBXFileReference; fileEncoding = 4; lastKnownFileType = sourcecode.c.objc; name = APAttribute.m; path = "Rapid Note Go/Source/Utils/APXML/APAttribute.m"; sourceTree = SOURCE_ROOT; };
		B5D67A2816DAC7C200360647 /* APDocument.h */ = {isa = PBXFileReference; fileEncoding = 4; lastKnownFileType = sourcecode.c.h; name = APDocument.h; path = "Rapid Note Go/Source/Utils/APXML/APDocument.h"; sourceTree = SOURCE_ROOT; };
		B5D67A2916DAC7C200360647 /* APDocument.m */ = {isa = PBXFileReference; fileEncoding = 4; lastKnownFileType = sourcecode.c.objc; name = APDocument.m; path = "Rapid Note Go/Source/Utils/APXML/APDocument.m"; sourceTree = SOURCE_ROOT; };
		B5D67A2A16DAC7C200360647 /* APElement.h */ = {isa = PBXFileReference; fileEncoding = 4; lastKnownFileType = sourcecode.c.h; name = APElement.h; path = "Rapid Note Go/Source/Utils/APXML/APElement.h"; sourceTree = SOURCE_ROOT; };
		B5D67A2B16DAC7C200360647 /* APElement.m */ = {isa = PBXFileReference; fileEncoding = 4; lastKnownFileType = sourcecode.c.objc; name = APElement.m; path = "Rapid Note Go/Source/Utils/APXML/APElement.m"; sourceTree = SOURCE_ROOT; };
		B5D67A2F16DAC7DD00360647 /* IXPickerOverlayView.h */ = {isa = PBXFileReference; fileEncoding = 4; lastKnownFileType = sourcecode.c.h; name = IXPickerOverlayView.h; path = "Rapid Note Go/Source/Utils/IXPickerOverlayView/IXPickerOverlayView.h"; sourceTree = SOURCE_ROOT; };
		B5D67A3016DAC7DD00360647 /* IXPickerOverlayView.m */ = {isa = PBXFileReference; fileEncoding = 4; lastKnownFileType = sourcecode.c.objc; name = IXPickerOverlayView.m; path = "Rapid Note Go/Source/Utils/IXPickerOverlayView/IXPickerOverlayView.m"; sourceTree = SOURCE_ROOT; };
		B5D9B3D216DF686900DC6CF8 /* Note.h */ = {isa = PBXFileReference; fileEncoding = 4; lastKnownFileType = sourcecode.c.h; name = Note.h; path = Source/Models/Note.h; sourceTree = "<group>"; };
		B5D9B3D316DF686900DC6CF8 /* Note.m */ = {isa = PBXFileReference; fileEncoding = 4; lastKnownFileType = sourcecode.c.objc; name = Note.m; path = Source/Models/Note.m; sourceTree = "<group>"; };
/* End PBXFileReference section */

/* Begin PBXFrameworksBuildPhase section */
		890EAE8C16A831F0000CFA48 /* Frameworks */ = {
			isa = PBXFrameworksBuildPhase;
			buildActionMask = 2147483647;
			files = (
				B589448616DABEBE00B9E435 /* QuartzCore.framework in Frameworks */,
				B5B70F6016C3F48700CBAC2C /* libz.dylib in Frameworks */,
				890EAE9416A831F0000CFA48 /* UIKit.framework in Frameworks */,
				890EAE9616A831F0000CFA48 /* Foundation.framework in Frameworks */,
				890EAE9816A831F0000CFA48 /* CoreGraphics.framework in Frameworks */,
				890EAE9A16A831F0000CFA48 /* CoreData.framework in Frameworks */,
			);
			runOnlyForDeploymentPostprocessing = 0;
		};
/* End PBXFrameworksBuildPhase section */

/* Begin PBXGroup section */
		890EAE8416A831F0000CFA48 = {
			isa = PBXGroup;
			children = (
				890EAE9B16A831F0000CFA48 /* Source */,
				890EAEB516A8323D000CFA48 /* Graphics */,
				897FA6DB16A8381800EB2D18 /* Resources */,
				890EAE9C16A831F0000CFA48 /* Supporting Files */,
				890EAE9216A831F0000CFA48 /* Frameworks */,
				890EAE9016A831F0000CFA48 /* Products */,
			);
			sourceTree = "<group>";
		};
		890EAE9016A831F0000CFA48 /* Products */ = {
			isa = PBXGroup;
			children = (
				890EAE8F16A831F0000CFA48 /* Rapid Note Go.app */,
			);
			name = Products;
			sourceTree = "<group>";
		};
		890EAE9216A831F0000CFA48 /* Frameworks */ = {
			isa = PBXGroup;
			children = (
				B589448516DABEBE00B9E435 /* QuartzCore.framework */,
				890EAE9316A831F0000CFA48 /* UIKit.framework */,
				890EAE9516A831F0000CFA48 /* Foundation.framework */,
				890EAE9716A831F0000CFA48 /* CoreGraphics.framework */,
				890EAE9916A831F0000CFA48 /* CoreData.framework */,
				B5B70F5F16C3F48700CBAC2C /* libz.dylib */,
			);
			name = Frameworks;
			sourceTree = "<group>";
		};
		890EAE9B16A831F0000CFA48 /* Source */ = {
			isa = PBXGroup;
			children = (
				890EAEA316A831F0000CFA48 /* Rapid Note Go-Prefix.pch */,
				890EAEA116A831F0000CFA48 /* main.m */,
				890EAEA416A831F0000CFA48 /* AppDelegate.h */,
				890EAEA516A831F0000CFA48 /* AppDelegate.m */,
				891B93C816B8246100EE24C9 /* Cells */,
				89B7BBEF16B6C34800294BBA /* Views */,
				891B93C116B8224C00EE24C9 /* Managers */,
				89253EE116B6C7D300A9D1E9 /* Models */,
				B5081F5816BA8AFE00C3F248 /* Utils */,
			);
			name = Source;
			path = "Rapid Note Go";
			sourceTree = "<group>";
		};
		890EAE9C16A831F0000CFA48 /* Supporting Files */ = {
			isa = PBXGroup;
			children = (
				890EAE9D16A831F0000CFA48 /* Rapid Note Go-Info.plist */,
				B5B30E1016B9C2AE00429607 /* Rapid Note Go.entitlements */,
				897FA6E416A838B300EB2D18 /* Localizations */,
			);
			name = "Supporting Files";
			path = "Rapid Note Go";
			sourceTree = "<group>";
		};
		890EAEB516A8323D000CFA48 /* Graphics */ = {
			isa = PBXGroup;
			children = (
				891B93BB16B8112900EE24C9 /* Icons */,
				8986400B16B68CD200446007 /* Defaults */,
				B570355816D81629001A1D8A /* Various */,
				B589446C16DABBBE00B9E435 /* Custom UIDatePicker */,
			);
			name = Graphics;
			path = "Rapid Note Go";
			sourceTree = "<group>";
		};
		891B93BB16B8112900EE24C9 /* Icons */ = {
			isa = PBXGroup;
			children = (
				891B93BD16B8113400EE24C9 /* Icon.png */,
				891B93BE16B8113400EE24C9 /* Icon@2x.png */,
				B5269B3A16C3D94C00B5EDEE /* Icon-72.png */,
				B5269B3B16C3D94C00B5EDEE /* Icon-72@2x.png */,
			);
			name = Icons;
			sourceTree = "<group>";
		};
		891B93C116B8224C00EE24C9 /* Managers */ = {
			isa = PBXGroup;
			children = (
				891B93C216B8227300EE24C9 /* DataManager.h */,
				891B93C316B8227300EE24C9 /* DataManager.m */,
				B53651E116BD3AB20090C926 /* NotificationsManager.h */,
				B53651E216BD3AB20090C926 /* NotificationsManager.m */,
			);
			name = Managers;
			sourceTree = "<group>";
		};
		891B93C816B8246100EE24C9 /* Cells */ = {
			isa = PBXGroup;
			children = (
				891B93C916B8249C00EE24C9 /* NoteCell.xib */,
				891B93CB16B824F800EE24C9 /* NoteCell.h */,
				891B93CC16B824F800EE24C9 /* NoteCell.m */,
			);
			name = Cells;
			sourceTree = "<group>";
		};
		89253EE116B6C7D300A9D1E9 /* Models */ = {
			isa = PBXGroup;
			children = (
				B5D9B3D216DF686900DC6CF8 /* Note.h */,
				B5D9B3D316DF686900DC6CF8 /* Note.m */,
			);
			name = Models;
			sourceTree = "<group>";
		};
		897FA6DB16A8381800EB2D18 /* Resources */ = {
			isa = PBXGroup;
			children = (
				897FA6E116A8386400EB2D18 /* Notes.xcdatamodeld */,
			);
			name = Resources;
			sourceTree = "<group>";
		};
		897FA6E416A838B300EB2D18 /* Localizations */ = {
			isa = PBXGroup;
			children = (
				89D6CA5A16B6920A0023F1C8 /* Localizable.strings */,
			);
			name = Localizations;
			sourceTree = "<group>";
		};
		8986400B16B68CD200446007 /* Defaults */ = {
			isa = PBXGroup;
			children = (
				890EAEA716A831F0000CFA48 /* Default.png */,
				890EAEA916A831F0000CFA48 /* Default@2x.png */,
				890EAEAB16A831F0000CFA48 /* Default-568h@2x.png */,
				8986400C16B68F0900446007 /* Default-Portrait.png */,
				8986400D16B68F0900446007 /* Default-Portrait@2x.png */,
				8986401016B68F1000446007 /* Default-Landscape.png */,
				8986401116B68F1000446007 /* Default-Landscape@2x.png */,
			);
			name = Defaults;
			sourceTree = "<group>";
		};
		89B7BBEF16B6C34800294BBA /* Views */ = {
			isa = PBXGroup;
			children = (
				89B7BBF316B6C43B00294BBA /* PhoneRootVC.h */,
				89B7BBF416B6C43B00294BBA /* PhoneRootVC.m */,
				89B7BBF616B6C57000294BBA /* PadRootVC.h */,
				89B7BBF716B6C57000294BBA /* PadRootVC.m */,
				89B7BBF016B6C38500294BBA /* NotesListVC.h */,
				89B7BBF116B6C38500294BBA /* NotesListVC.m */,
				B5B30E1416B9D09000429607 /* NoteInputView.xib */,
				B5081F5C16BA8CD000C3F248 /* NoteDetailsVC.h */,
				B5081F5D16BA8CD000C3F248 /* NoteDetailsVC.m */,
				B5081F5F16BA8CEB00C3F248 /* NoteDetailsViewPhone.xib */,
				B5081F6116BACB6000C3F248 /* NoteDetailsViewPad.xib */,
				B5081F6316BC082900C3F248 /* SetNotificationView.xib */,
				B589446116DA6F0B00B9E435 /* NoteViewerBackgroundView.h */,
				B589446216DA6F0B00B9E435 /* NoteViewerBackgroundView.m */,
			);
			name = Views;
			sourceTree = "<group>";
		};
		B5081F5816BA8AFE00C3F248 /* Utils */ = {
			isa = PBXGroup;
			children = (
				B5081F5916BA8B3D00C3F248 /* NSDate+Additions.h */,
				B5081F5A16BA8B4900C3F248 /* NSDate+Additions.m */,
				B5B70F4E16C3F0CB00CBAC2C /* APXML */,
				B589446816DABB9D00B9E435 /* IXPickerOverlayView */,
			);
			name = Utils;
			sourceTree = "<group>";
		};
		B5325B1516DE564500426252 /* Note Viewer Pad Horizontal */ = {
			isa = PBXGroup;
			children = (
				B5325B1616DE564500426252 /* Note Viewer Pad Bottom Horizontal Dark.png */,
				B5325B1716DE564500426252 /* Note Viewer Pad Bottom Horizontal Dark@2x.png */,
				B5325B1816DE564500426252 /* Note Viewer Pad Middle Horizontal Dark.png */,
				B5325B1916DE564500426252 /* Note Viewer Pad Middle Horizontal Dark@2x.png */,
				B5325B1A16DE564500426252 /* Note Viewer Pad Top Horizontal Dark.png */,
				B5325B1B16DE564500426252 /* Note Viewer Pad Top Horizontal Dark@2x.png */,
			);
			name = "Note Viewer Pad Horizontal";
			path = "Graphics/Various/Note Viewer Pad Horizontal";
			sourceTree = "<group>";
		};
		B5325B1C16DE564500426252 /* Note Viewer Pad Vertical */ = {
			isa = PBXGroup;
			children = (
				B5325B1D16DE564500426252 /* Note Viewer Pad Bottom Vertical Dark.png */,
				B5325B1E16DE564500426252 /* Note Viewer Pad Bottom Vertical Dark@2x.png */,
				B5325B1F16DE564500426252 /* Note Viewer Pad Middle Vertical Dark.png */,
				B5325B2016DE564500426252 /* Note Viewer Pad Middle Vertical Dark@2x.png */,
				B5325B2116DE564500426252 /* Note Viewer Pad Top Vertical Dark.png */,
				B5325B2216DE564500426252 /* Note Viewer Pad Top Vertical Dark@2x.png */,
			);
			name = "Note Viewer Pad Vertical";
			path = "Graphics/Various/Note Viewer Pad Vertical";
			sourceTree = "<group>";
		};
		B5325B2316DE564500426252 /* Note Viewer Phone */ = {
			isa = PBXGroup;
			children = (
				B5325B2416DE564600426252 /* Note Viewer Bottom Dark.png */,
				B5325B2516DE564600426252 /* Note Viewer Bottom Dark@2x.png */,
				B5325B2616DE564600426252 /* Note Viewer Middle Dark.png */,
				B5325B2716DE564600426252 /* Note Viewer Middle Dark@2x.png */,
				B5325B2816DE564600426252 /* Note Viewer Top Dark.png */,
				B5325B2916DE564600426252 /* Note Viewer Top Dark@2x.png */,
			);
			name = "Note Viewer Phone";
			path = "Graphics/Various/Note Viewer Phone";
			sourceTree = "<group>";
		};
		B570355816D81629001A1D8A /* Various */ = {
			isa = PBXGroup;
			children = (
				B570355916D81650001A1D8A /* Background Pattern Dark.png */,
				B570355A16D81650001A1D8A /* Background Pattern Dark@2x.png */,
				B589443D16D94CA000B9E435 /* Note Entry Background Dark.png */,
				B589443E16D94CA000B9E435 /* Note Entry Background Dark@2x.png */,
				B589444116DA672100B9E435 /* Created Icon Dark.png */,
				B589444216DA672100B9E435 /* Created Icon Dark@2x.png */,
				B589444516DA672100B9E435 /* Modified Icon Dark.png */,
				B589444616DA672100B9E435 /* Modified Icon Dark@2x.png */,
				B589444D16DA674F00B9E435 /* Notification Icon Dark.png */,
				B589444E16DA674F00B9E435 /* Notification Icon Dark@2x.png */,
				B589445116DA694C00B9E435 /* Set Notification Dark.png */,
				B589445216DA694C00B9E435 /* Set Notification Dark@2x.png */,
				B50106B716E3D21300F9FE4B /* Set Notification Pad Dark.png */,
				B50106B816E3D21300F9FE4B /* Set Notification Pad Dark@2x.png */,
				B589446416DA792200B9E435 /* Notification Icon Small Dark.png */,
				B589446516DA792300B9E435 /* Notification Icon Small Dark@2x.png */,
				B5325B1516DE564500426252 /* Note Viewer Pad Horizontal */,
				B5325B1C16DE564500426252 /* Note Viewer Pad Vertical */,
				B5325B2316DE564500426252 /* Note Viewer Phone */,
			);
			name = Various;
			sourceTree = "<group>";
		};
		B589446816DABB9D00B9E435 /* IXPickerOverlayView */ = {
			isa = PBXGroup;
			children = (
				B5D67A2F16DAC7DD00360647 /* IXPickerOverlayView.h */,
				B5D67A3016DAC7DD00360647 /* IXPickerOverlayView.m */,
			);
			name = IXPickerOverlayView;
			path = Source/Utilities/IXPickerOverlayView;
			sourceTree = "<group>";
		};
		B589446C16DABBBE00B9E435 /* Custom UIDatePicker */ = {
			isa = PBXGroup;
			children = (
				B589446D16DABBBE00B9E435 /* ixPickerOverlayGlass.png */,
				B589446E16DABBBE00B9E435 /* ixPickerOverlayGlass@2x.png */,
				B589446F16DABBBE00B9E435 /* ixPickerOverlayLeftPane.png */,
				B589447016DABBBE00B9E435 /* ixPickerOverlayLeftPane@2x.png */,
				B589447116DABBBE00B9E435 /* ixPickerOverlayRightPane.png */,
				B589447216DABBBE00B9E435 /* ixPickerOverlayRightPane@2x.png */,
				B589447316DABBBE00B9E435 /* ixPickerOverlaySectionsSeparator.png */,
				B589447416DABBBE00B9E435 /* ixPickerOverlaySectionsSeparator@2x.png */,
				B589447516DABBBE00B9E435 /* ixPickerOverlaySectionWheel.png */,
				B589447616DABBBE00B9E435 /* ixPickerOverlaySectionWheel@2x.png */,
				B589447716DABBBE00B9E435 /* ixPickerOverlayTexture.png */,
				B589447816DABBBE00B9E435 /* ixPickerOverlayTexture@2x.png */,
			);
			name = "Custom UIDatePicker";
			path = "Graphics/Custom UIDatePicker";
			sourceTree = "<group>";
		};
		B5B70F4E16C3F0CB00CBAC2C /* APXML */ = {
			isa = PBXGroup;
			children = (
				B5D67A2516DAC7AC00360647 /* APXML.h */,
				B5D67A2616DAC7C200360647 /* APAttribute.h */,
				B5D67A2716DAC7C200360647 /* APAttribute.m */,
				B5D67A2816DAC7C200360647 /* APDocument.h */,
				B5D67A2916DAC7C200360647 /* APDocument.m */,
				B5D67A2A16DAC7C200360647 /* APElement.h */,
				B5D67A2B16DAC7C200360647 /* APElement.m */,
			);
			name = APXML;
			path = Source/Utilities/APXML;
			sourceTree = "<group>";
		};
/* End PBXGroup section */

/* Begin PBXNativeTarget section */
		890EAE8E16A831F0000CFA48 /* Rapid Note Go */ = {
			isa = PBXNativeTarget;
			buildConfigurationList = 890EAEB216A831F0000CFA48 /* Build configuration list for PBXNativeTarget "Rapid Note Go" */;
			buildPhases = (
				890EAE8B16A831F0000CFA48 /* Sources */,
				890EAE8C16A831F0000CFA48 /* Frameworks */,
				890EAE8D16A831F0000CFA48 /* Resources */,
				89B7BBAA16B6949500294BBA /* ShellScript */,
			);
			buildRules = (
			);
			dependencies = (
			);
			name = "Rapid Note Go";
			productName = "Rapid Note Go";
			productReference = 890EAE8F16A831F0000CFA48 /* Rapid Note Go.app */;
			productType = "com.apple.product-type.application";
		};
/* End PBXNativeTarget section */

/* Begin PBXProject section */
		890EAE8616A831F0000CFA48 /* Project object */ = {
			isa = PBXProject;
			attributes = {
				LastUpgradeCheck = 0450;
				ORGANIZATIONNAME = UnalignedByte;
			};
			buildConfigurationList = 890EAE8916A831F0000CFA48 /* Build configuration list for PBXProject "Rapid Note Go" */;
			compatibilityVersion = "Xcode 3.2";
			developmentRegion = English;
			hasScannedForEncodings = 0;
			knownRegions = (
				en,
				pl,
			);
			mainGroup = 890EAE8416A831F0000CFA48;
			productRefGroup = 890EAE9016A831F0000CFA48 /* Products */;
			projectDirPath = "";
			projectRoot = "";
			targets = (
				890EAE8E16A831F0000CFA48 /* Rapid Note Go */,
			);
		};
/* End PBXProject section */

/* Begin PBXResourcesBuildPhase section */
		890EAE8D16A831F0000CFA48 /* Resources */ = {
			isa = PBXResourcesBuildPhase;
			buildActionMask = 2147483647;
			files = (
				890EAEA816A831F0000CFA48 /* Default.png in Resources */,
				890EAEAA16A831F0000CFA48 /* Default@2x.png in Resources */,
				890EAEAC16A831F0000CFA48 /* Default-568h@2x.png in Resources */,
				8986400E16B68F0900446007 /* Default-Portrait.png in Resources */,
				8986400F16B68F0900446007 /* Default-Portrait@2x.png in Resources */,
				8986401216B68F1000446007 /* Default-Landscape.png in Resources */,
				8986401316B68F1000446007 /* Default-Landscape@2x.png in Resources */,
				89D6CA5816B6920A0023F1C8 /* Localizable.strings in Resources */,
				891B93BF16B8113400EE24C9 /* Icon.png in Resources */,
				891B93C016B8113400EE24C9 /* Icon@2x.png in Resources */,
				891B93CA16B8249C00EE24C9 /* NoteCell.xib in Resources */,
				B5B30E1516B9D09000429607 /* NoteInputView.xib in Resources */,
				B5081F6016BA8CEB00C3F248 /* NoteDetailsViewPhone.xib in Resources */,
				B5081F6216BACB6000C3F248 /* NoteDetailsViewPad.xib in Resources */,
				B5081F6416BC082900C3F248 /* SetNotificationView.xib in Resources */,
				B5269B3C16C3D94C00B5EDEE /* Icon-72.png in Resources */,
				B5269B3D16C3D94C00B5EDEE /* Icon-72@2x.png in Resources */,
				B570355B16D81650001A1D8A /* Background Pattern Dark.png in Resources */,
				B570355C16D81650001A1D8A /* Background Pattern Dark@2x.png in Resources */,
				B589443F16D94CA000B9E435 /* Note Entry Background Dark.png in Resources */,
				B589444016D94CA000B9E435 /* Note Entry Background Dark@2x.png in Resources */,
				B589444716DA672100B9E435 /* Created Icon Dark.png in Resources */,
				B589444816DA672100B9E435 /* Created Icon Dark@2x.png in Resources */,
				B589444B16DA672100B9E435 /* Modified Icon Dark.png in Resources */,
				B589444C16DA672100B9E435 /* Modified Icon Dark@2x.png in Resources */,
				B589444F16DA674F00B9E435 /* Notification Icon Dark.png in Resources */,
				B589445016DA674F00B9E435 /* Notification Icon Dark@2x.png in Resources */,
				B589445316DA694C00B9E435 /* Set Notification Dark.png in Resources */,
				B589445416DA694C00B9E435 /* Set Notification Dark@2x.png in Resources */,
				B589446616DA792300B9E435 /* Notification Icon Small Dark.png in Resources */,
				B589446716DA792300B9E435 /* Notification Icon Small Dark@2x.png in Resources */,
				B589447916DABBBE00B9E435 /* ixPickerOverlayGlass.png in Resources */,
				B589447A16DABBBE00B9E435 /* ixPickerOverlayGlass@2x.png in Resources */,
				B589447B16DABBBE00B9E435 /* ixPickerOverlayLeftPane.png in Resources */,
				B589447C16DABBBE00B9E435 /* ixPickerOverlayLeftPane@2x.png in Resources */,
				B589447D16DABBBE00B9E435 /* ixPickerOverlayRightPane.png in Resources */,
				B589447E16DABBBE00B9E435 /* ixPickerOverlayRightPane@2x.png in Resources */,
				B589447F16DABBBE00B9E435 /* ixPickerOverlaySectionsSeparator.png in Resources */,
				B589448016DABBBE00B9E435 /* ixPickerOverlaySectionsSeparator@2x.png in Resources */,
				B589448116DABBBE00B9E435 /* ixPickerOverlaySectionWheel.png in Resources */,
				B589448216DABBBE00B9E435 /* ixPickerOverlaySectionWheel@2x.png in Resources */,
				B589448316DABBBE00B9E435 /* ixPickerOverlayTexture.png in Resources */,
				B589448416DABBBE00B9E435 /* ixPickerOverlayTexture@2x.png in Resources */,
				B5325B2A16DE564600426252 /* Note Viewer Pad Bottom Horizontal Dark.png in Resources */,
				B5325B2B16DE564600426252 /* Note Viewer Pad Bottom Horizontal Dark@2x.png in Resources */,
				B5325B2C16DE564600426252 /* Note Viewer Pad Middle Horizontal Dark.png in Resources */,
				B5325B2D16DE564600426252 /* Note Viewer Pad Middle Horizontal Dark@2x.png in Resources */,
				B5325B2E16DE564600426252 /* Note Viewer Pad Top Horizontal Dark.png in Resources */,
				B5325B2F16DE564600426252 /* Note Viewer Pad Top Horizontal Dark@2x.png in Resources */,
				B5325B3016DE564600426252 /* Note Viewer Pad Bottom Vertical Dark.png in Resources */,
				B5325B3116DE564600426252 /* Note Viewer Pad Bottom Vertical Dark@2x.png in Resources */,
				B5325B3216DE564600426252 /* Note Viewer Pad Middle Vertical Dark.png in Resources */,
				B5325B3316DE564600426252 /* Note Viewer Pad Middle Vertical Dark@2x.png in Resources */,
				B5325B3416DE564600426252 /* Note Viewer Pad Top Vertical Dark.png in Resources */,
				B5325B3516DE564600426252 /* Note Viewer Pad Top Vertical Dark@2x.png in Resources */,
				B5325B3616DE564600426252 /* Note Viewer Bottom Dark.png in Resources */,
				B5325B3716DE564600426252 /* Note Viewer Bottom Dark@2x.png in Resources */,
				B5325B3816DE564600426252 /* Note Viewer Middle Dark.png in Resources */,
				B5325B3916DE564600426252 /* Note Viewer Middle Dark@2x.png in Resources */,
				B5325B3A16DE564600426252 /* Note Viewer Top Dark.png in Resources */,
				B5325B3B16DE564600426252 /* Note Viewer Top Dark@2x.png in Resources */,
				B50106B916E3D21300F9FE4B /* Set Notification Pad Dark.png in Resources */,
				B50106BA16E3D21300F9FE4B /* Set Notification Pad Dark@2x.png in Resources */,
			);
			runOnlyForDeploymentPostprocessing = 0;
		};
/* End PBXResourcesBuildPhase section */

/* Begin PBXShellScriptBuildPhase section */
		89B7BBAA16B6949500294BBA /* ShellScript */ = {
			isa = PBXShellScriptBuildPhase;
			buildActionMask = 2147483647;
			files = (
			);
			inputPaths = (
			);
			outputPaths = (
			);
			runOnlyForDeploymentPostprocessing = 0;
			shellPath = /bin/sh;
			shellScript = "buildNumber=$(/usr/libexec/PlistBuddy -c \"Print CFBundleVersion\" \"${PROJECT_DIR}\"/\"${PROJECT_NAME}\"/\"Supporting Files\"/\"${PROJECT_NAME}-Info.plist\")\nbuildNumber=$(($buildNumber + 1))\n/usr/libexec/PlistBuddy -c \"Set :CFBundleVersion $buildNumber\" \"${PROJECT_DIR}\"/\"${PROJECT_NAME}\"/\"Supporting Files\"/\"${PROJECT_NAME}-Info.plist\"";
		};
/* End PBXShellScriptBuildPhase section */

/* Begin PBXSourcesBuildPhase section */
		890EAE8B16A831F0000CFA48 /* Sources */ = {
			isa = PBXSourcesBuildPhase;
			buildActionMask = 2147483647;
			files = (
				890EAEA216A831F0000CFA48 /* main.m in Sources */,
				890EAEA616A831F0000CFA48 /* AppDelegate.m in Sources */,
				897FA6E316A8386400EB2D18 /* Notes.xcdatamodeld in Sources */,
				89B7BBF216B6C38500294BBA /* NotesListVC.m in Sources */,
				89B7BBF516B6C43B00294BBA /* PhoneRootVC.m in Sources */,
				89B7BBF816B6C57000294BBA /* PadRootVC.m in Sources */,
				891B93C416B8227300EE24C9 /* DataManager.m in Sources */,
				891B93CD16B824F800EE24C9 /* NoteCell.m in Sources */,
				B5081F5B16BA8B4900C3F248 /* NSDate+Additions.m in Sources */,
				B5081F5E16BA8CD000C3F248 /* NoteDetailsVC.m in Sources */,
				B53651E316BD3AB20090C926 /* NotificationsManager.m in Sources */,
				B589446316DA6F0B00B9E435 /* NoteViewerBackgroundView.m in Sources */,
				B5D67A2C16DAC7C200360647 /* APAttribute.m in Sources */,
				B5D67A2D16DAC7C200360647 /* APDocument.m in Sources */,
				B5D67A2E16DAC7C200360647 /* APElement.m in Sources */,
				B5D67A3116DAC7DD00360647 /* IXPickerOverlayView.m in Sources */,
				B5D9B3D416DF686900DC6CF8 /* Note.m in Sources */,
			);
			runOnlyForDeploymentPostprocessing = 0;
		};
/* End PBXSourcesBuildPhase section */

/* Begin PBXVariantGroup section */
		89D6CA5A16B6920A0023F1C8 /* Localizable.strings */ = {
			isa = PBXVariantGroup;
			children = (
				89D6CA5916B6920A0023F1C8 /* en */,
				89D6CA6116B692240023F1C8 /* pl */,
			);
			name = Localizable.strings;
			path = "Supporting Files/Localizations";
			sourceTree = "<group>";
		};
/* End PBXVariantGroup section */

/* Begin XCBuildConfiguration section */
		890EAEB016A831F0000CFA48 /* Debug */ = {
			isa = XCBuildConfiguration;
			buildSettings = {
				ALWAYS_SEARCH_USER_PATHS = NO;
				CLANG_CXX_LANGUAGE_STANDARD = "gnu++0x";
				CLANG_CXX_LIBRARY = "libc++";
				CLANG_ENABLE_OBJC_ARC = YES;
				CLANG_WARN_EMPTY_BODY = YES;
				CLANG_WARN__DUPLICATE_METHOD_MATCH = YES;
				"CODE_SIGN_IDENTITY[sdk=iphoneos*]" = "iPhone Developer";
				COPY_PHASE_STRIP = NO;
				GCC_C_LANGUAGE_STANDARD = gnu99;
				GCC_DYNAMIC_NO_PIC = NO;
				GCC_OPTIMIZATION_LEVEL = 0;
				GCC_PREPROCESSOR_DEFINITIONS = (
					"DEBUG=1",
					"$(inherited)",
				);
				GCC_SYMBOLS_PRIVATE_EXTERN = NO;
				GCC_WARN_ABOUT_RETURN_TYPE = YES;
				GCC_WARN_UNINITIALIZED_AUTOS = YES;
				GCC_WARN_UNUSED_VARIABLE = YES;
				IPHONEOS_DEPLOYMENT_TARGET = 5.0;
				ONLY_ACTIVE_ARCH = YES;
				SDKROOT = iphoneos;
				TARGETED_DEVICE_FAMILY = "1,2";
			};
			name = Debug;
		};
		890EAEB116A831F0000CFA48 /* Release */ = {
			isa = XCBuildConfiguration;
			buildSettings = {
				ALWAYS_SEARCH_USER_PATHS = NO;
				CLANG_CXX_LANGUAGE_STANDARD = "gnu++0x";
				CLANG_CXX_LIBRARY = "libc++";
				CLANG_ENABLE_OBJC_ARC = YES;
				CLANG_WARN_EMPTY_BODY = YES;
				CLANG_WARN__DUPLICATE_METHOD_MATCH = YES;
				"CODE_SIGN_IDENTITY[sdk=iphoneos*]" = "iPhone Developer";
				COPY_PHASE_STRIP = YES;
				GCC_C_LANGUAGE_STANDARD = gnu99;
				GCC_WARN_ABOUT_RETURN_TYPE = YES;
				GCC_WARN_UNINITIALIZED_AUTOS = YES;
				GCC_WARN_UNUSED_VARIABLE = YES;
				IPHONEOS_DEPLOYMENT_TARGET = 5.0;
				OTHER_CFLAGS = "-DNS_BLOCK_ASSERTIONS=1";
				SDKROOT = iphoneos;
				TARGETED_DEVICE_FAMILY = "1,2";
				VALIDATE_PRODUCT = YES;
			};
			name = Release;
		};
		890EAEB316A831F0000CFA48 /* Debug */ = {
			isa = XCBuildConfiguration;
			buildSettings = {
				CODE_SIGN_ENTITLEMENTS = "Rapid Note Go/Supporting Files/Rapid Note Go.entitlements";
				GCC_PRECOMPILE_PREFIX_HEADER = YES;
				GCC_PREFIX_HEADER = "Rapid Note Go/Source/Rapid Note Go-Prefix.pch";
				INFOPLIST_FILE = "$(SRCROOT)/Rapid Note Go/Supporting Files/Rapid Note Go-Info.plist";
				IPHONEOS_DEPLOYMENT_TARGET = 5.0;
				PRODUCT_NAME = "$(TARGET_NAME)";
				WRAPPER_EXTENSION = app;
			};
			name = Debug;
		};
		890EAEB416A831F0000CFA48 /* Release */ = {
			isa = XCBuildConfiguration;
			buildSettings = {
				CODE_SIGN_ENTITLEMENTS = "Rapid Note Go/Supporting Files/Rapid Note Go.entitlements";
				GCC_PRECOMPILE_PREFIX_HEADER = YES;
				GCC_PREFIX_HEADER = "Rapid Note Go/Source/Rapid Note Go-Prefix.pch";
				INFOPLIST_FILE = "$(SRCROOT)/Rapid Note Go/Supporting Files/Rapid Note Go-Info.plist";
				IPHONEOS_DEPLOYMENT_TARGET = 5.0;
				PRODUCT_NAME = "$(TARGET_NAME)";
				WRAPPER_EXTENSION = app;
			};
			name = Release;
		};
/* End XCBuildConfiguration section */

/* Begin XCConfigurationList section */
		890EAE8916A831F0000CFA48 /* Build configuration list for PBXProject "Rapid Note Go" */ = {
			isa = XCConfigurationList;
			buildConfigurations = (
				890EAEB016A831F0000CFA48 /* Debug */,
				890EAEB116A831F0000CFA48 /* Release */,
			);
			defaultConfigurationIsVisible = 0;
			defaultConfigurationName = Release;
		};
		890EAEB216A831F0000CFA48 /* Build configuration list for PBXNativeTarget "Rapid Note Go" */ = {
			isa = XCConfigurationList;
			buildConfigurations = (
				890EAEB316A831F0000CFA48 /* Debug */,
				890EAEB416A831F0000CFA48 /* Release */,
			);
			defaultConfigurationIsVisible = 0;
			defaultConfigurationName = Release;
		};
/* End XCConfigurationList section */

/* Begin XCVersionGroup section */
		897FA6E116A8386400EB2D18 /* Notes.xcdatamodeld */ = {
			isa = XCVersionGroup;
			children = (
				897FA6E216A8386400EB2D18 /* Notes.xcdatamodel */,
			);
			currentVersion = 897FA6E216A8386400EB2D18 /* Notes.xcdatamodel */;
			name = Notes.xcdatamodeld;
			path = "Rapid Note Go/Resources/Notes.xcdatamodeld";
			sourceTree = "<group>";
			versionGroupType = wrapper.xcdatamodel;
		};
/* End XCVersionGroup section */
	};
	rootObject = 890EAE8616A831F0000CFA48 /* Project object */;
}
