// !$*UTF8*$!
{
	archiveVersion = 1;
	classes = {
	};
	objectVersion = 46;
	objects = {

/* Begin PBXBuildFile section */
		890EAE9416A831F0000CFA48 /* UIKit.framework in Frameworks */ = {isa = PBXBuildFile; fileRef = 890EAE9316A831F0000CFA48 /* UIKit.framework */; };
		890EAE9616A831F0000CFA48 /* Foundation.framework in Frameworks */ = {isa = PBXBuildFile; fileRef = 890EAE9516A831F0000CFA48 /* Foundation.framework */; };
		890EAE9816A831F0000CFA48 /* CoreGraphics.framework in Frameworks */ = {isa = PBXBuildFile; fileRef = 890EAE9716A831F0000CFA48 /* CoreGraphics.framework */; };
		890EAE9A16A831F0000CFA48 /* CoreData.framework in Frameworks */ = {isa = PBXBuildFile; fileRef = 890EAE9916A831F0000CFA48 /* CoreData.framework */; };
		890EAEA216A831F0000CFA48 /* main.m in Sources */ = {isa = PBXBuildFile; fileRef = 890EAEA116A831F0000CFA48 /* main.m */; };
		890EAEA616A831F0000CFA48 /* AppDelegate.m in Sources */ = {isa = PBXBuildFile; fileRef = 890EAEA516A831F0000CFA48 /* AppDelegate.m */; };
		890EAEA816A831F0000CFA48 /* Default.png in Resources */ = {isa = PBXBuildFile; fileRef = 890EAEA716A831F0000CFA48 /* Default.png */; };
		890EAEAA16A831F0000CFA48 /* Default@2x.png in Resources */ = {isa = PBXBuildFile; fileRef = 890EAEA916A831F0000CFA48 /* Default@2x.png */; };
		890EAEAC16A831F0000CFA48 /* Default-568h@2x.png in Resources */ = {isa = PBXBuildFile; fileRef = 890EAEAB16A831F0000CFA48 /* Default-568h@2x.png */; };
		891B93BF16B8113400EE24C9 /* Icon.png in Resources */ = {isa = PBXBuildFile; fileRef = 891B93BD16B8113400EE24C9 /* Icon.png */; };
		891B93C016B8113400EE24C9 /* Icon@2x.png in Resources */ = {isa = PBXBuildFile; fileRef = 891B93BE16B8113400EE24C9 /* Icon@2x.png */; };
		891B93C416B8227300EE24C9 /* DataManager.m in Sources */ = {isa = PBXBuildFile; fileRef = 891B93C316B8227300EE24C9 /* DataManager.m */; };
		891B93C716B8244900EE24C9 /* Note.m in Sources */ = {isa = PBXBuildFile; fileRef = 891B93C616B8244900EE24C9 /* Note.m */; };
		891B93CA16B8249C00EE24C9 /* NoteCell.xib in Resources */ = {isa = PBXBuildFile; fileRef = 891B93C916B8249C00EE24C9 /* NoteCell.xib */; };
		891B93CD16B824F800EE24C9 /* NoteCell.m in Sources */ = {isa = PBXBuildFile; fileRef = 891B93CC16B824F800EE24C9 /* NoteCell.m */; };
		897FA6E316A8386400EB2D18 /* Notes.xcdatamodeld in Sources */ = {isa = PBXBuildFile; fileRef = 897FA6E116A8386400EB2D18 /* Notes.xcdatamodeld */; };
		8986400E16B68F0900446007 /* Default-Portrait.png in Resources */ = {isa = PBXBuildFile; fileRef = 8986400C16B68F0900446007 /* Default-Portrait.png */; };
		8986400F16B68F0900446007 /* Default-Portrait@2x.png in Resources */ = {isa = PBXBuildFile; fileRef = 8986400D16B68F0900446007 /* Default-Portrait@2x.png */; };
		8986401216B68F1000446007 /* Default-Landscape.png in Resources */ = {isa = PBXBuildFile; fileRef = 8986401016B68F1000446007 /* Default-Landscape.png */; };
		8986401316B68F1000446007 /* Default-Landscape@2x.png in Resources */ = {isa = PBXBuildFile; fileRef = 8986401116B68F1000446007 /* Default-Landscape@2x.png */; };
		89B7BBF216B6C38500294BBA /* NotesListVC.m in Sources */ = {isa = PBXBuildFile; fileRef = 89B7BBF116B6C38500294BBA /* NotesListVC.m */; };
		89B7BBF516B6C43B00294BBA /* PhoneRootVC.m in Sources */ = {isa = PBXBuildFile; fileRef = 89B7BBF416B6C43B00294BBA /* PhoneRootVC.m */; };
		89B7BBF816B6C57000294BBA /* PadRootVC.m in Sources */ = {isa = PBXBuildFile; fileRef = 89B7BBF716B6C57000294BBA /* PadRootVC.m */; };
		89D6CA5816B6920A0023F1C8 /* Localizable.strings in Resources */ = {isa = PBXBuildFile; fileRef = 89D6CA5A16B6920A0023F1C8 /* Localizable.strings */; };
		B5B30E1516B9D09000429607 /* NoteInputView.xib in Resources */ = {isa = PBXBuildFile; fileRef = B5B30E1416B9D09000429607 /* NoteInputView.xib */; };
/* End PBXBuildFile section */

/* Begin PBXFileReference section */
		890EAE8F16A831F0000CFA48 /* Rapid Note Go.app */ = {isa = PBXFileReference; explicitFileType = wrapper.application; includeInIndex = 0; path = "Rapid Note Go.app"; sourceTree = BUILT_PRODUCTS_DIR; };
		890EAE9316A831F0000CFA48 /* UIKit.framework */ = {isa = PBXFileReference; lastKnownFileType = wrapper.framework; name = UIKit.framework; path = System/Library/Frameworks/UIKit.framework; sourceTree = SDKROOT; };
		890EAE9516A831F0000CFA48 /* Foundation.framework */ = {isa = PBXFileReference; lastKnownFileType = wrapper.framework; name = Foundation.framework; path = System/Library/Frameworks/Foundation.framework; sourceTree = SDKROOT; };
		890EAE9716A831F0000CFA48 /* CoreGraphics.framework */ = {isa = PBXFileReference; lastKnownFileType = wrapper.framework; name = CoreGraphics.framework; path = System/Library/Frameworks/CoreGraphics.framework; sourceTree = SDKROOT; };
		890EAE9916A831F0000CFA48 /* CoreData.framework */ = {isa = PBXFileReference; lastKnownFileType = wrapper.framework; name = CoreData.framework; path = System/Library/Frameworks/CoreData.framework; sourceTree = SDKROOT; };
		890EAE9D16A831F0000CFA48 /* Rapid Note Go-Info.plist */ = {isa = PBXFileReference; lastKnownFileType = text.plist.xml; name = "Rapid Note Go-Info.plist"; path = "Supporting Files/Rapid Note Go-Info.plist"; sourceTree = "<group>"; };
		890EAEA116A831F0000CFA48 /* main.m */ = {isa = PBXFileReference; lastKnownFileType = sourcecode.c.objc; name = main.m; path = Source/main.m; sourceTree = "<group>"; };
		890EAEA316A831F0000CFA48 /* Rapid Note Go-Prefix.pch */ = {isa = PBXFileReference; lastKnownFileType = sourcecode.c.h; name = "Rapid Note Go-Prefix.pch"; path = "Source/Rapid Note Go-Prefix.pch"; sourceTree = "<group>"; };
		890EAEA416A831F0000CFA48 /* AppDelegate.h */ = {isa = PBXFileReference; lastKnownFileType = sourcecode.c.h; name = AppDelegate.h; path = Source/AppDelegate.h; sourceTree = "<group>"; };
		890EAEA516A831F0000CFA48 /* AppDelegate.m */ = {isa = PBXFileReference; lastKnownFileType = sourcecode.c.objc; name = AppDelegate.m; path = Source/AppDelegate.m; sourceTree = "<group>"; };
		890EAEA716A831F0000CFA48 /* Default.png */ = {isa = PBXFileReference; lastKnownFileType = image.png; name = Default.png; path = Graphics/Defaults/Default.png; sourceTree = "<group>"; };
		890EAEA916A831F0000CFA48 /* Default@2x.png */ = {isa = PBXFileReference; lastKnownFileType = image.png; name = "Default@2x.png"; path = "Graphics/Defaults/Default@2x.png"; sourceTree = "<group>"; };
		890EAEAB16A831F0000CFA48 /* Default-568h@2x.png */ = {isa = PBXFileReference; lastKnownFileType = image.png; name = "Default-568h@2x.png"; path = "Graphics/Defaults/Default-568h@2x.png"; sourceTree = "<group>"; };
		891B93BD16B8113400EE24C9 /* Icon.png */ = {isa = PBXFileReference; lastKnownFileType = image.png; name = Icon.png; path = Graphics/Icons/Icon.png; sourceTree = "<group>"; };
		891B93BE16B8113400EE24C9 /* Icon@2x.png */ = {isa = PBXFileReference; lastKnownFileType = image.png; name = "Icon@2x.png"; path = "Graphics/Icons/Icon@2x.png"; sourceTree = "<group>"; };
		891B93C216B8227300EE24C9 /* DataManager.h */ = {isa = PBXFileReference; fileEncoding = 4; lastKnownFileType = sourcecode.c.h; name = DataManager.h; path = Source/Managers/DataManager.h; sourceTree = "<group>"; };
		891B93C316B8227300EE24C9 /* DataManager.m */ = {isa = PBXFileReference; fileEncoding = 4; lastKnownFileType = sourcecode.c.objc; name = DataManager.m; path = Source/Managers/DataManager.m; sourceTree = "<group>"; };
		891B93C516B8244900EE24C9 /* Note.h */ = {isa = PBXFileReference; fileEncoding = 4; lastKnownFileType = sourcecode.c.h; name = Note.h; path = Source/Models/Note.h; sourceTree = "<group>"; };
		891B93C616B8244900EE24C9 /* Note.m */ = {isa = PBXFileReference; fileEncoding = 4; lastKnownFileType = sourcecode.c.objc; name = Note.m; path = Source/Models/Note.m; sourceTree = "<group>"; };
		891B93C916B8249C00EE24C9 /* NoteCell.xib */ = {isa = PBXFileReference; fileEncoding = 4; lastKnownFileType = file.xib; name = NoteCell.xib; path = Source/Cells/NoteCell.xib; sourceTree = "<group>"; };
		891B93CB16B824F800EE24C9 /* NoteCell.h */ = {isa = PBXFileReference; fileEncoding = 4; lastKnownFileType = sourcecode.c.h; name = NoteCell.h; path = Source/Cells/NoteCell.h; sourceTree = "<group>"; };
		891B93CC16B824F800EE24C9 /* NoteCell.m */ = {isa = PBXFileReference; fileEncoding = 4; lastKnownFileType = sourcecode.c.objc; name = NoteCell.m; path = Source/Cells/NoteCell.m; sourceTree = "<group>"; };
		897FA6E216A8386400EB2D18 /* Notes.xcdatamodel */ = {isa = PBXFileReference; lastKnownFileType = wrapper.xcdatamodel; path = Notes.xcdatamodel; sourceTree = "<group>"; };
		8986400C16B68F0900446007 /* Default-Portrait.png */ = {isa = PBXFileReference; lastKnownFileType = image.png; name = "Default-Portrait.png"; path = "Graphics/Defaults/Default-Portrait.png"; sourceTree = "<group>"; };
		8986400D16B68F0900446007 /* Default-Portrait@2x.png */ = {isa = PBXFileReference; lastKnownFileType = image.png; name = "Default-Portrait@2x.png"; path = "Graphics/Defaults/Default-Portrait@2x.png"; sourceTree = "<group>"; };
		8986401016B68F1000446007 /* Default-Landscape.png */ = {isa = PBXFileReference; lastKnownFileType = image.png; name = "Default-Landscape.png"; path = "Graphics/Defaults/Default-Landscape.png"; sourceTree = "<group>"; };
		8986401116B68F1000446007 /* Default-Landscape@2x.png */ = {isa = PBXFileReference; lastKnownFileType = image.png; name = "Default-Landscape@2x.png"; path = "Graphics/Defaults/Default-Landscape@2x.png"; sourceTree = "<group>"; };
		89B7BBF016B6C38500294BBA /* NotesListVC.h */ = {isa = PBXFileReference; fileEncoding = 4; lastKnownFileType = sourcecode.c.h; name = NotesListVC.h; path = Source/Views/NotesListVC.h; sourceTree = "<group>"; };
		89B7BBF116B6C38500294BBA /* NotesListVC.m */ = {isa = PBXFileReference; fileEncoding = 4; lastKnownFileType = sourcecode.c.objc; name = NotesListVC.m; path = Source/Views/NotesListVC.m; sourceTree = "<group>"; };
		89B7BBF316B6C43B00294BBA /* PhoneRootVC.h */ = {isa = PBXFileReference; fileEncoding = 4; lastKnownFileType = sourcecode.c.h; name = PhoneRootVC.h; path = Source/Views/PhoneRootVC.h; sourceTree = "<group>"; };
		89B7BBF416B6C43B00294BBA /* PhoneRootVC.m */ = {isa = PBXFileReference; fileEncoding = 4; lastKnownFileType = sourcecode.c.objc; name = PhoneRootVC.m; path = Source/Views/PhoneRootVC.m; sourceTree = "<group>"; };
		89B7BBF616B6C57000294BBA /* PadRootVC.h */ = {isa = PBXFileReference; fileEncoding = 4; lastKnownFileType = sourcecode.c.h; name = PadRootVC.h; path = Source/Views/PadRootVC.h; sourceTree = "<group>"; };
		89B7BBF716B6C57000294BBA /* PadRootVC.m */ = {isa = PBXFileReference; fileEncoding = 4; lastKnownFileType = sourcecode.c.objc; name = PadRootVC.m; path = Source/Views/PadRootVC.m; sourceTree = "<group>"; };
		89D6CA5916B6920A0023F1C8 /* en */ = {isa = PBXFileReference; lastKnownFileType = text.plist.strings; name = en; path = en.lproj/Localizable.strings; sourceTree = "<group>"; };
		89D6CA6116B692240023F1C8 /* pl */ = {isa = PBXFileReference; lastKnownFileType = text.plist.strings; name = pl; path = pl.lproj/Localizable.strings; sourceTree = "<group>"; };
		B5B30E1016B9C2AE00429607 /* Rapid Note Go.entitlements */ = {isa = PBXFileReference; lastKnownFileType = text.xml; name = "Rapid Note Go.entitlements"; path = "Supporting Files/Rapid Note Go.entitlements"; sourceTree = "<group>"; };
		B5B30E1416B9D09000429607 /* NoteInputView.xib */ = {isa = PBXFileReference; fileEncoding = 4; lastKnownFileType = file.xib; name = NoteInputView.xib; path = Source/Views/NoteInputView.xib; sourceTree = "<group>"; };
/* End PBXFileReference section */

/* Begin PBXFrameworksBuildPhase section */
		890EAE8C16A831F0000CFA48 /* Frameworks */ = {
			isa = PBXFrameworksBuildPhase;
			buildActionMask = 2147483647;
			files = (
				890EAE9416A831F0000CFA48 /* UIKit.framework in Frameworks */,
				890EAE9616A831F0000CFA48 /* Foundation.framework in Frameworks */,
				890EAE9816A831F0000CFA48 /* CoreGraphics.framework in Frameworks */,
				890EAE9A16A831F0000CFA48 /* CoreData.framework in Frameworks */,
			);
			runOnlyForDeploymentPostprocessing = 0;
		};
/* End PBXFrameworksBuildPhase section */

/* Begin PBXGroup section */
		890EAE8416A831F0000CFA48 = {
			isa = PBXGroup;
			children = (
				890EAE9B16A831F0000CFA48 /* Source */,
				890EAEB516A8323D000CFA48 /* Graphics */,
				897FA6DB16A8381800EB2D18 /* Resources */,
				890EAE9C16A831F0000CFA48 /* Supporting Files */,
				890EAE9216A831F0000CFA48 /* Frameworks */,
				890EAE9016A831F0000CFA48 /* Products */,
			);
			sourceTree = "<group>";
		};
		890EAE9016A831F0000CFA48 /* Products */ = {
			isa = PBXGroup;
			children = (
				890EAE8F16A831F0000CFA48 /* Rapid Note Go.app */,
			);
			name = Products;
			sourceTree = "<group>";
		};
		890EAE9216A831F0000CFA48 /* Frameworks */ = {
			isa = PBXGroup;
			children = (
				890EAE9316A831F0000CFA48 /* UIKit.framework */,
				890EAE9516A831F0000CFA48 /* Foundation.framework */,
				890EAE9716A831F0000CFA48 /* CoreGraphics.framework */,
				890EAE9916A831F0000CFA48 /* CoreData.framework */,
			);
			name = Frameworks;
			sourceTree = "<group>";
		};
		890EAE9B16A831F0000CFA48 /* Source */ = {
			isa = PBXGroup;
			children = (
				890EAEA316A831F0000CFA48 /* Rapid Note Go-Prefix.pch */,
				890EAEA116A831F0000CFA48 /* main.m */,
				890EAEA416A831F0000CFA48 /* AppDelegate.h */,
				890EAEA516A831F0000CFA48 /* AppDelegate.m */,
				891B93C816B8246100EE24C9 /* Cells */,
				89B7BBEF16B6C34800294BBA /* Views */,
				891B93C116B8224C00EE24C9 /* Managers */,
				89253EE116B6C7D300A9D1E9 /* Models */,
			);
			name = Source;
			path = "Rapid Note Go";
			sourceTree = "<group>";
		};
		890EAE9C16A831F0000CFA48 /* Supporting Files */ = {
			isa = PBXGroup;
			children = (
				890EAE9D16A831F0000CFA48 /* Rapid Note Go-Info.plist */,
				B5B30E1016B9C2AE00429607 /* Rapid Note Go.entitlements */,
				897FA6E416A838B300EB2D18 /* Localizations */,
			);
			name = "Supporting Files";
			path = "Rapid Note Go";
			sourceTree = "<group>";
		};
		890EAEB516A8323D000CFA48 /* Graphics */ = {
			isa = PBXGroup;
			children = (
				891B93BB16B8112900EE24C9 /* Icons */,
				8986400B16B68CD200446007 /* Defaults */,
			);
			name = Graphics;
			path = "Rapid Note Go";
			sourceTree = "<group>";
		};
		891B93BB16B8112900EE24C9 /* Icons */ = {
			isa = PBXGroup;
			children = (
				891B93BD16B8113400EE24C9 /* Icon.png */,
				891B93BE16B8113400EE24C9 /* Icon@2x.png */,
			);
			name = Icons;
			sourceTree = "<group>";
		};
		891B93C116B8224C00EE24C9 /* Managers */ = {
			isa = PBXGroup;
			children = (
				891B93C216B8227300EE24C9 /* DataManager.h */,
				891B93C316B8227300EE24C9 /* DataManager.m */,
			);
			name = Managers;
			sourceTree = "<group>";
		};
		891B93C816B8246100EE24C9 /* Cells */ = {
			isa = PBXGroup;
			children = (
				891B93C916B8249C00EE24C9 /* NoteCell.xib */,
				891B93CB16B824F800EE24C9 /* NoteCell.h */,
				891B93CC16B824F800EE24C9 /* NoteCell.m */,
			);
			name = Cells;
			sourceTree = "<group>";
		};
		89253EE116B6C7D300A9D1E9 /* Models */ = {
			isa = PBXGroup;
			children = (
				891B93C516B8244900EE24C9 /* Note.h */,
				891B93C616B8244900EE24C9 /* Note.m */,
			);
			name = Models;
			sourceTree = "<group>";
		};
		897FA6DB16A8381800EB2D18 /* Resources */ = {
			isa = PBXGroup;
			children = (
				897FA6E116A8386400EB2D18 /* Notes.xcdatamodeld */,
			);
			name = Resources;
			sourceTree = "<group>";
		};
		897FA6E416A838B300EB2D18 /* Localizations */ = {
			isa = PBXGroup;
			children = (
				89D6CA5A16B6920A0023F1C8 /* Localizable.strings */,
			);
			name = Localizations;
			sourceTree = "<group>";
		};
		8986400B16B68CD200446007 /* Defaults */ = {
			isa = PBXGroup;
			children = (
				890EAEA716A831F0000CFA48 /* Default.png */,
				890EAEA916A831F0000CFA48 /* Default@2x.png */,
				890EAEAB16A831F0000CFA48 /* Default-568h@2x.png */,
				8986400C16B68F0900446007 /* Default-Portrait.png */,
				8986400D16B68F0900446007 /* Default-Portrait@2x.png */,
				8986401016B68F1000446007 /* Default-Landscape.png */,
				8986401116B68F1000446007 /* Default-Landscape@2x.png */,
			);
			name = Defaults;
			sourceTree = "<group>";
		};
		89B7BBEF16B6C34800294BBA /* Views */ = {
			isa = PBXGroup;
			children = (
				89B7BBF316B6C43B00294BBA /* PhoneRootVC.h */,
				89B7BBF416B6C43B00294BBA /* PhoneRootVC.m */,
				89B7BBF616B6C57000294BBA /* PadRootVC.h */,
				89B7BBF716B6C57000294BBA /* PadRootVC.m */,
				89B7BBF016B6C38500294BBA /* NotesListVC.h */,
				89B7BBF116B6C38500294BBA /* NotesListVC.m */,
				B5B30E1416B9D09000429607 /* NoteInputView.xib */,
			);
			name = Views;
			sourceTree = "<group>";
		};
/* End PBXGroup section */

/* Begin PBXNativeTarget section */
		890EAE8E16A831F0000CFA48 /* Rapid Note Go */ = {
			isa = PBXNativeTarget;
			buildConfigurationList = 890EAEB216A831F0000CFA48 /* Build configuration list for PBXNativeTarget "Rapid Note Go" */;
			buildPhases = (
				890EAE8B16A831F0000CFA48 /* Sources */,
				890EAE8C16A831F0000CFA48 /* Frameworks */,
				890EAE8D16A831F0000CFA48 /* Resources */,
				89B7BBAA16B6949500294BBA /* ShellScript */,
			);
			buildRules = (
			);
			dependencies = (
			);
			name = "Rapid Note Go";
			productName = "Rapid Note Go";
			productReference = 890EAE8F16A831F0000CFA48 /* Rapid Note Go.app */;
			productType = "com.apple.product-type.application";
		};
/* End PBXNativeTarget section */

/* Begin PBXProject section */
		890EAE8616A831F0000CFA48 /* Project object */ = {
			isa = PBXProject;
			attributes = {
				LastUpgradeCheck = 0450;
				ORGANIZATIONNAME = UnalignedByte;
			};
			buildConfigurationList = 890EAE8916A831F0000CFA48 /* Build configuration list for PBXProject "Rapid Note Go" */;
			compatibilityVersion = "Xcode 3.2";
			developmentRegion = English;
			hasScannedForEncodings = 0;
			knownRegions = (
				en,
				pl,
			);
			mainGroup = 890EAE8416A831F0000CFA48;
			productRefGroup = 890EAE9016A831F0000CFA48 /* Products */;
			projectDirPath = "";
			projectRoot = "";
			targets = (
				890EAE8E16A831F0000CFA48 /* Rapid Note Go */,
			);
		};
/* End PBXProject section */

/* Begin PBXResourcesBuildPhase section */
		890EAE8D16A831F0000CFA48 /* Resources */ = {
			isa = PBXResourcesBuildPhase;
			buildActionMask = 2147483647;
			files = (
				890EAEA816A831F0000CFA48 /* Default.png in Resources */,
				890EAEAA16A831F0000CFA48 /* Default@2x.png in Resources */,
				890EAEAC16A831F0000CFA48 /* Default-568h@2x.png in Resources */,
				8986400E16B68F0900446007 /* Default-Portrait.png in Resources */,
				8986400F16B68F0900446007 /* Default-Portrait@2x.png in Resources */,
				8986401216B68F1000446007 /* Default-Landscape.png in Resources */,
				8986401316B68F1000446007 /* Default-Landscape@2x.png in Resources */,
				89D6CA5816B6920A0023F1C8 /* Localizable.strings in Resources */,
				891B93BF16B8113400EE24C9 /* Icon.png in Resources */,
				891B93C016B8113400EE24C9 /* Icon@2x.png in Resources */,
				891B93CA16B8249C00EE24C9 /* NoteCell.xib in Resources */,
				B5B30E1516B9D09000429607 /* NoteInputView.xib in Resources */,
			);
			runOnlyForDeploymentPostprocessing = 0;
		};
/* End PBXResourcesBuildPhase section */

/* Begin PBXShellScriptBuildPhase section */
		89B7BBAA16B6949500294BBA /* ShellScript */ = {
			isa = PBXShellScriptBuildPhase;
			buildActionMask = 2147483647;
			files = (
			);
			inputPaths = (
			);
			outputPaths = (
			);
			runOnlyForDeploymentPostprocessing = 0;
			shellPath = /bin/sh;
			shellScript = "buildNumber=$(/usr/libexec/PlistBuddy -c \"Print CFBundleVersion\" \"${PROJECT_DIR}\"/\"${PROJECT_NAME}\"/\"Supporting Files\"/\"${PROJECT_NAME}-Info.plist\")\nbuildNumber=$(($buildNumber + 1))\n/usr/libexec/PlistBuddy -c \"Set :CFBundleVersion $buildNumber\" \"${PROJECT_DIR}\"/\"${PROJECT_NAME}\"/\"Supporting Files\"/\"${PROJECT_NAME}-Info.plist\"";
		};
/* End PBXShellScriptBuildPhase section */

/* Begin PBXSourcesBuildPhase section */
		890EAE8B16A831F0000CFA48 /* Sources */ = {
			isa = PBXSourcesBuildPhase;
			buildActionMask = 2147483647;
			files = (
				890EAEA216A831F0000CFA48 /* main.m in Sources */,
				890EAEA616A831F0000CFA48 /* AppDelegate.m in Sources */,
				897FA6E316A8386400EB2D18 /* Notes.xcdatamodeld in Sources */,
				89B7BBF216B6C38500294BBA /* NotesListVC.m in Sources */,
				89B7BBF516B6C43B00294BBA /* PhoneRootVC.m in Sources */,
				89B7BBF816B6C57000294BBA /* PadRootVC.m in Sources */,
				891B93C416B8227300EE24C9 /* DataManager.m in Sources */,
				891B93C716B8244900EE24C9 /* Note.m in Sources */,
				891B93CD16B824F800EE24C9 /* NoteCell.m in Sources */,
			);
			runOnlyForDeploymentPostprocessing = 0;
		};
/* End PBXSourcesBuildPhase section */

/* Begin PBXVariantGroup section */
		89D6CA5A16B6920A0023F1C8 /* Localizable.strings */ = {
			isa = PBXVariantGroup;
			children = (
				89D6CA5916B6920A0023F1C8 /* en */,
				89D6CA6116B692240023F1C8 /* pl */,
			);
			name = Localizable.strings;
			path = "Supporting Files/Localizations";
			sourceTree = "<group>";
		};
/* End PBXVariantGroup section */

/* Begin XCBuildConfiguration section */
		890EAEB016A831F0000CFA48 /* Debug */ = {
			isa = XCBuildConfiguration;
			buildSettings = {
				ALWAYS_SEARCH_USER_PATHS = NO;
				CLANG_CXX_LANGUAGE_STANDARD = "gnu++0x";
				CLANG_CXX_LIBRARY = "libc++";
				CLANG_ENABLE_OBJC_ARC = YES;
				CLANG_WARN_EMPTY_BODY = YES;
				CLANG_WARN__DUPLICATE_METHOD_MATCH = YES;
				"CODE_SIGN_IDENTITY[sdk=iphoneos*]" = "iPhone Developer";
				COPY_PHASE_STRIP = NO;
				GCC_C_LANGUAGE_STANDARD = gnu99;
				GCC_DYNAMIC_NO_PIC = NO;
				GCC_OPTIMIZATION_LEVEL = 0;
				GCC_PREPROCESSOR_DEFINITIONS = (
					"DEBUG=1",
					"$(inherited)",
				);
				GCC_SYMBOLS_PRIVATE_EXTERN = NO;
				GCC_WARN_ABOUT_RETURN_TYPE = YES;
				GCC_WARN_UNINITIALIZED_AUTOS = YES;
				GCC_WARN_UNUSED_VARIABLE = YES;
				IPHONEOS_DEPLOYMENT_TARGET = 5.0;
				ONLY_ACTIVE_ARCH = YES;
				SDKROOT = iphoneos;
				TARGETED_DEVICE_FAMILY = "1,2";
			};
			name = Debug;
		};
		890EAEB116A831F0000CFA48 /* Release */ = {
			isa = XCBuildConfiguration;
			buildSettings = {
				ALWAYS_SEARCH_USER_PATHS = NO;
				CLANG_CXX_LANGUAGE_STANDARD = "gnu++0x";
				CLANG_CXX_LIBRARY = "libc++";
				CLANG_ENABLE_OBJC_ARC = YES;
				CLANG_WARN_EMPTY_BODY = YES;
				CLANG_WARN__DUPLICATE_METHOD_MATCH = YES;
				"CODE_SIGN_IDENTITY[sdk=iphoneos*]" = "iPhone Developer";
				COPY_PHASE_STRIP = YES;
				GCC_C_LANGUAGE_STANDARD = gnu99;
				GCC_WARN_ABOUT_RETURN_TYPE = YES;
				GCC_WARN_UNINITIALIZED_AUTOS = YES;
				GCC_WARN_UNUSED_VARIABLE = YES;
				IPHONEOS_DEPLOYMENT_TARGET = 5.0;
				OTHER_CFLAGS = "-DNS_BLOCK_ASSERTIONS=1";
				SDKROOT = iphoneos;
				TARGETED_DEVICE_FAMILY = "1,2";
				VALIDATE_PRODUCT = YES;
			};
			name = Release;
		};
		890EAEB316A831F0000CFA48 /* Debug */ = {
			isa = XCBuildConfiguration;
			buildSettings = {
				CODE_SIGN_ENTITLEMENTS = "Rapid Note Go/Supporting Files/Rapid Note Go.entitlements";
				GCC_PRECOMPILE_PREFIX_HEADER = YES;
				GCC_PREFIX_HEADER = "Rapid Note Go/Source/Rapid Note Go-Prefix.pch";
				INFOPLIST_FILE = "$(SRCROOT)/Rapid Note Go/Supporting Files/Rapid Note Go-Info.plist";
				IPHONEOS_DEPLOYMENT_TARGET = 5.0;
				PRODUCT_NAME = "$(TARGET_NAME)";
				WRAPPER_EXTENSION = app;
			};
			name = Debug;
		};
		890EAEB416A831F0000CFA48 /* Release */ = {
			isa = XCBuildConfiguration;
			buildSettings = {
				CODE_SIGN_ENTITLEMENTS = "Rapid Note Go/Supporting Files/Rapid Note Go.entitlements";
				GCC_PRECOMPILE_PREFIX_HEADER = YES;
				GCC_PREFIX_HEADER = "Rapid Note Go/Source/Rapid Note Go-Prefix.pch";
				INFOPLIST_FILE = "$(SRCROOT)/Rapid Note Go/Supporting Files/Rapid Note Go-Info.plist";
				IPHONEOS_DEPLOYMENT_TARGET = 5.0;
				PRODUCT_NAME = "$(TARGET_NAME)";
				WRAPPER_EXTENSION = app;
			};
			name = Release;
		};
/* End XCBuildConfiguration section */

/* Begin XCConfigurationList section */
		890EAE8916A831F0000CFA48 /* Build configuration list for PBXProject "Rapid Note Go" */ = {
			isa = XCConfigurationList;
			buildConfigurations = (
				890EAEB016A831F0000CFA48 /* Debug */,
				890EAEB116A831F0000CFA48 /* Release */,
			);
			defaultConfigurationIsVisible = 0;
			defaultConfigurationName = Release;
		};
		890EAEB216A831F0000CFA48 /* Build configuration list for PBXNativeTarget "Rapid Note Go" */ = {
			isa = XCConfigurationList;
			buildConfigurations = (
				890EAEB316A831F0000CFA48 /* Debug */,
				890EAEB416A831F0000CFA48 /* Release */,
			);
			defaultConfigurationIsVisible = 0;
			defaultConfigurationName = Release;
		};
/* End XCConfigurationList section */

/* Begin XCVersionGroup section */
		897FA6E116A8386400EB2D18 /* Notes.xcdatamodeld */ = {
			isa = XCVersionGroup;
			children = (
				897FA6E216A8386400EB2D18 /* Notes.xcdatamodel */,
			);
			currentVersion = 897FA6E216A8386400EB2D18 /* Notes.xcdatamodel */;
			name = Notes.xcdatamodeld;
			path = "Rapid Note Go/Resources/Notes.xcdatamodeld";
			sourceTree = "<group>";
			versionGroupType = wrapper.xcdatamodel;
		};
/* End XCVersionGroup section */
	};
	rootObject = 890EAE8616A831F0000CFA48 /* Project object */;
}
